<?xml version="1.0" encoding="UTF-8"?>
<!DOCTYPE plist PUBLIC "-//Apple//DTD PLIST 1.0//EN" "http://www.apple.com/DTDs/PropertyList-1.0.dtd">
<plist version="1.0">
<dict>
	<key>archiveVersion</key>
	<string>1</string>
	<key>classes</key>
	<dict/>
	<key>objectVersion</key>
	<string>46</string>
	<key>objects</key>
	<dict>
		<key>09022ECD1967E998009A8D7E</key>
		<dict>
			<key>children</key>
			<array>
				<string>09022EDF1967E998009A8D7E</string>
				<string>09022F011967E999009A8D7E</string>
				<string>09022ED81967E998009A8D7E</string>
				<string>09022ED71967E998009A8D7E</string>
				<string>DE3319F9E8C0E20CB299A153</string>
			</array>
			<key>isa</key>
			<string>PBXGroup</string>
			<key>sourceTree</key>
			<string>&lt;group&gt;</string>
		</dict>
		<key>09022ECE1967E998009A8D7E</key>
		<dict>
			<key>attributes</key>
			<dict>
				<key>LastUpgradeCheck</key>
				<string>0510</string>
				<key>ORGANIZATIONNAME</key>
				<string>Vikas Kumar</string>
				<key>TargetAttributes</key>
				<dict>
					<key>09022EF91967E999009A8D7E</key>
					<dict>
						<key>TestTargetID</key>
						<string>09022ED51967E998009A8D7E</string>
					</dict>
				</dict>
			</dict>
			<key>buildConfigurationList</key>
			<string>09022ED11967E998009A8D7E</string>
			<key>compatibilityVersion</key>
			<string>Xcode 3.2</string>
			<key>developmentRegion</key>
			<string>English</string>
			<key>hasScannedForEncodings</key>
			<string>0</string>
			<key>isa</key>
			<string>PBXProject</string>
			<key>knownRegions</key>
			<array>
				<string>en</string>
				<string>Base</string>
			</array>
			<key>mainGroup</key>
			<string>09022ECD1967E998009A8D7E</string>
			<key>productRefGroup</key>
			<string>09022ED71967E998009A8D7E</string>
			<key>projectDirPath</key>
			<string></string>
			<key>projectReferences</key>
			<array/>
			<key>projectRoot</key>
			<string></string>
			<key>targets</key>
			<array>
				<string>09022ED51967E998009A8D7E</string>
				<string>09022EF91967E999009A8D7E</string>
			</array>
		</dict>
		<key>09022ED11967E998009A8D7E</key>
		<dict>
			<key>buildConfigurations</key>
			<array>
				<string>09022F091967E999009A8D7E</string>
				<string>09022F0A1967E999009A8D7E</string>
			</array>
			<key>defaultConfigurationIsVisible</key>
			<string>0</string>
			<key>defaultConfigurationName</key>
			<string>Release</string>
			<key>isa</key>
			<string>XCConfigurationList</string>
		</dict>
		<key>09022ED21967E998009A8D7E</key>
		<dict>
			<key>buildActionMask</key>
			<string>2147483647</string>
			<key>files</key>
			<array>
				<string>09073DF819693A560034D98F</string>
				<string>09022F3C1967F1BE009A8D7E</string>
				<string>099FBA9F19680919002D3688</string>
				<string>09022F381967F1BE009A8D7E</string>
				<string>09022F431967F1BE009A8D7E</string>
				<string>09022F441967F1BE009A8D7E</string>
				<string>09073E02196959D40034D98F</string>
				<string>09022F491967F1BE009A8D7E</string>
				<string>09022F551967F79A009A8D7E</string>
				<string>09022F411967F1BE009A8D7E</string>
				<string>0975132D19682DDF00104990</string>
				<string>09022F4A1967F1BE009A8D7E</string>
				<string>09022F3F1967F1BE009A8D7E</string>
				<string>09022F421967F1BE009A8D7E</string>
				<string>09022F3E1967F1BE009A8D7E</string>
				<string>09022F521967F758009A8D7E</string>
				<string>09022F401967F1BE009A8D7E</string>
				<string>09022F4B1967F1BE009A8D7E</string>
				<string>09022F471967F1BE009A8D7E</string>
				<string>09022F3D1967F1BE009A8D7E</string>
				<string>09022F481967F1BE009A8D7E</string>
				<string>09022F3B1967F1BE009A8D7E</string>
				<string>09022EE61967E998009A8D7E</string>
				<string>09022F461967F1BE009A8D7E</string>
				<string>09022F511967F758009A8D7E</string>
				<string>09022F451967F1BE009A8D7E</string>
				<string>09073DFB196949820034D98F</string>
			</array>
			<key>isa</key>
			<string>PBXSourcesBuildPhase</string>
			<key>runOnlyForDeploymentPostprocessing</key>
			<string>0</string>
		</dict>
		<key>09022ED31967E998009A8D7E</key>
		<dict>
			<key>buildActionMask</key>
			<string>2147483647</string>
			<key>files</key>
			<array>
				<string>09022EDC1967E998009A8D7E</string>
				<string>09022EDE1967E998009A8D7E</string>
				<string>09022EDA1967E998009A8D7E</string>
				<string>613D0C985886468185D016EB</string>
			</array>
			<key>isa</key>
			<string>PBXFrameworksBuildPhase</string>
			<key>runOnlyForDeploymentPostprocessing</key>
			<string>0</string>
		</dict>
		<key>09022ED41967E998009A8D7E</key>
		<dict>
			<key>buildActionMask</key>
			<string>2147483647</string>
			<key>files</key>
			<array>
				<string>09022F3A1967F1BE009A8D7E</string>
				<string>099FBA9A1967FB5E002D3688</string>
				<string>099FBA901967FB5E002D3688</string>
				<string>099FBA911967FB5E002D3688</string>
				<string>099FBA8F1967FB5E002D3688</string>
				<string>09022F391967F1BE009A8D7E</string>
				<string>099FBA9B1967FB5E002D3688</string>
				<string>099FBA961967FB5E002D3688</string>
				<string>099FBA8C1967FB5E002D3688</string>
				<string>099FBA8B1967FB5E002D3688</string>
				<string>099FBA971967FB5E002D3688</string>
				<string>099FBA921967FB5E002D3688</string>
				<string>099FBA941967FB5E002D3688</string>
				<string>099FBA891967FB5E002D3688</string>
				<string>099FBA951967FB5E002D3688</string>
				<string>099FBA991967FB5E002D3688</string>
				<string>099FBA8A1967FB5E002D3688</string>
				<string>099FBA8D1967FB5E002D3688</string>
				<string>099FBA8E1967FB5E002D3688</string>
				<string>099FBA931967FB5E002D3688</string>
				<string>09022EE41967E998009A8D7E</string>
				<string>099FBA981967FB5E002D3688</string>
			</array>
			<key>isa</key>
			<string>PBXResourcesBuildPhase</string>
			<key>runOnlyForDeploymentPostprocessing</key>
			<string>0</string>
		</dict>
		<key>09022ED51967E998009A8D7E</key>
		<dict>
			<key>buildConfigurationList</key>
			<string>09022F0B1967E999009A8D7E</string>
			<key>buildPhases</key>
			<array>
				<string>3A3BD4FE10F3400781DC1D61</string>
				<string>09022ED21967E998009A8D7E</string>
				<string>09022ED31967E998009A8D7E</string>
				<string>09022ED41967E998009A8D7E</string>
				<string>6484F6F5CD8748078E035A38</string>
			</array>
			<key>buildRules</key>
			<array/>
			<key>dependencies</key>
			<array/>
			<key>isa</key>
			<string>PBXNativeTarget</string>
			<key>name</key>
			<string>FloorPlay</string>
			<key>productName</key>
			<string>FloorPlay</string>
			<key>productReference</key>
			<string>09022ED61967E998009A8D7E</string>
			<key>productType</key>
			<string>com.apple.product-type.application</string>
		</dict>
		<key>09022ED61967E998009A8D7E</key>
		<dict>
			<key>explicitFileType</key>
			<string>wrapper.application</string>
			<key>includeInIndex</key>
			<string>0</string>
			<key>isa</key>
			<string>PBXFileReference</string>
			<key>path</key>
			<string>FloorPlay.app</string>
			<key>sourceTree</key>
			<string>BUILT_PRODUCTS_DIR</string>
		</dict>
		<key>09022ED71967E998009A8D7E</key>
		<dict>
			<key>children</key>
			<array>
				<string>09022ED61967E998009A8D7E</string>
				<string>09022EFA1967E999009A8D7E</string>
			</array>
			<key>isa</key>
			<string>PBXGroup</string>
			<key>name</key>
			<string>Products</string>
			<key>sourceTree</key>
			<string>&lt;group&gt;</string>
		</dict>
		<key>09022ED81967E998009A8D7E</key>
		<dict>
			<key>children</key>
			<array>
				<string>09022ED91967E998009A8D7E</string>
				<string>09022EDB1967E998009A8D7E</string>
				<string>09022EDD1967E998009A8D7E</string>
				<string>09022EFB1967E999009A8D7E</string>
				<string>107E4B76031F406EAD671FAC</string>
			</array>
			<key>isa</key>
			<string>PBXGroup</string>
			<key>name</key>
			<string>Frameworks</string>
			<key>sourceTree</key>
			<string>&lt;group&gt;</string>
		</dict>
		<key>09022ED91967E998009A8D7E</key>
		<dict>
			<key>isa</key>
			<string>PBXFileReference</string>
			<key>lastKnownFileType</key>
			<string>wrapper.framework</string>
			<key>name</key>
			<string>Foundation.framework</string>
			<key>path</key>
			<string>System/Library/Frameworks/Foundation.framework</string>
			<key>sourceTree</key>
			<string>SDKROOT</string>
		</dict>
		<key>09022EDA1967E998009A8D7E</key>
		<dict>
			<key>fileRef</key>
			<string>09022ED91967E998009A8D7E</string>
			<key>isa</key>
			<string>PBXBuildFile</string>
		</dict>
		<key>09022EDB1967E998009A8D7E</key>
		<dict>
			<key>isa</key>
			<string>PBXFileReference</string>
			<key>lastKnownFileType</key>
			<string>wrapper.framework</string>
			<key>name</key>
			<string>CoreGraphics.framework</string>
			<key>path</key>
			<string>System/Library/Frameworks/CoreGraphics.framework</string>
			<key>sourceTree</key>
			<string>SDKROOT</string>
		</dict>
		<key>09022EDC1967E998009A8D7E</key>
		<dict>
			<key>fileRef</key>
			<string>09022EDB1967E998009A8D7E</string>
			<key>isa</key>
			<string>PBXBuildFile</string>
		</dict>
		<key>09022EDD1967E998009A8D7E</key>
		<dict>
			<key>isa</key>
			<string>PBXFileReference</string>
			<key>lastKnownFileType</key>
			<string>wrapper.framework</string>
			<key>name</key>
			<string>UIKit.framework</string>
			<key>path</key>
			<string>System/Library/Frameworks/UIKit.framework</string>
			<key>sourceTree</key>
			<string>SDKROOT</string>
		</dict>
		<key>09022EDE1967E998009A8D7E</key>
		<dict>
			<key>fileRef</key>
			<string>09022EDD1967E998009A8D7E</string>
			<key>isa</key>
			<string>PBXBuildFile</string>
		</dict>
		<key>09022EDF1967E998009A8D7E</key>
		<dict>
			<key>children</key>
			<array>
				<string>09073DFC1969597D0034D98F</string>
				<string>09073DF519693A1A0034D98F</string>
				<string>099FBA9C196808A2002D3688</string>
				<string>09022F111967F1BE009A8D7E</string>
				<string>09022F121967F1BE009A8D7E</string>
				<string>09022F131967F1BE009A8D7E</string>
				<string>09022F141967F1BE009A8D7E</string>
				<string>09022F151967F1BE009A8D7E</string>
				<string>09022F161967F1BE009A8D7E</string>
				<string>09022F171967F1BE009A8D7E</string>
				<string>09022F181967F1BE009A8D7E</string>
				<string>09022F191967F1BE009A8D7E</string>
				<string>09022F1A1967F1BE009A8D7E</string>
				<string>09022F1D1967F1BE009A8D7E</string>
				<string>09022F1E1967F1BE009A8D7E</string>
				<string>09022F1F1967F1BE009A8D7E</string>
				<string>09022F201967F1BE009A8D7E</string>
				<string>09022F211967F1BE009A8D7E</string>
				<string>09022F221967F1BE009A8D7E</string>
				<string>09022F231967F1BE009A8D7E</string>
				<string>09022F241967F1BE009A8D7E</string>
				<string>09022F251967F1BE009A8D7E</string>
				<string>09022F261967F1BE009A8D7E</string>
				<string>09022F271967F1BE009A8D7E</string>
				<string>09022F281967F1BE009A8D7E</string>
				<string>09022F291967F1BE009A8D7E</string>
				<string>09022F2A1967F1BE009A8D7E</string>
				<string>09022F2B1967F1BE009A8D7E</string>
				<string>09022F2C1967F1BE009A8D7E</string>
				<string>09022F2D1967F1BE009A8D7E</string>
				<string>09022F2E1967F1BE009A8D7E</string>
				<string>09022F2F1967F1BE009A8D7E</string>
				<string>09022F301967F1BE009A8D7E</string>
				<string>09022F311967F1BE009A8D7E</string>
				<string>09022F361967F1BE009A8D7E</string>
				<string>09022F371967F1BE009A8D7E</string>
				<string>0975132B19682DDF00104990</string>
				<string>0975132C19682DDF00104990</string>
				<string>099FBA751967FB4B002D3688</string>
				<string>09022F4C1967F746009A8D7E</string>
				<string>09022EE01967E998009A8D7E</string>
			</array>
			<key>isa</key>
			<string>PBXGroup</string>
			<key>path</key>
			<string>FloorPlay</string>
			<key>sourceTree</key>
			<string>&lt;group&gt;</string>
		</dict>
		<key>09022EE01967E998009A8D7E</key>
		<dict>
			<key>children</key>
			<array>
				<string>09022EE11967E998009A8D7E</string>
				<string>09022EE21967E998009A8D7E</string>
				<string>09022EE51967E998009A8D7E</string>
				<string>09022EE71967E998009A8D7E</string>
			</array>
			<key>isa</key>
			<string>PBXGroup</string>
			<key>name</key>
			<string>Supporting Files</string>
			<key>sourceTree</key>
			<string>&lt;group&gt;</string>
		</dict>
		<key>09022EE11967E998009A8D7E</key>
		<dict>
			<key>isa</key>
			<string>PBXFileReference</string>
			<key>lastKnownFileType</key>
			<string>text.plist.xml</string>
			<key>path</key>
			<string>FloorPlay-Info.plist</string>
			<key>sourceTree</key>
			<string>&lt;group&gt;</string>
		</dict>
		<key>09022EE21967E998009A8D7E</key>
		<dict>
			<key>children</key>
			<array>
				<string>09022EE31967E998009A8D7E</string>
			</array>
			<key>isa</key>
			<string>PBXVariantGroup</string>
			<key>name</key>
			<string>InfoPlist.strings</string>
			<key>sourceTree</key>
			<string>&lt;group&gt;</string>
		</dict>
		<key>09022EE31967E998009A8D7E</key>
		<dict>
			<key>isa</key>
			<string>PBXFileReference</string>
			<key>lastKnownFileType</key>
			<string>text.plist.strings</string>
			<key>name</key>
			<string>en</string>
			<key>path</key>
			<string>en.lproj/InfoPlist.strings</string>
			<key>sourceTree</key>
			<string>&lt;group&gt;</string>
		</dict>
		<key>09022EE41967E998009A8D7E</key>
		<dict>
			<key>fileRef</key>
			<string>09022EE21967E998009A8D7E</string>
			<key>isa</key>
			<string>PBXBuildFile</string>
		</dict>
		<key>09022EE51967E998009A8D7E</key>
		<dict>
			<key>isa</key>
			<string>PBXFileReference</string>
			<key>lastKnownFileType</key>
			<string>sourcecode.c.objc</string>
			<key>path</key>
			<string>main.m</string>
			<key>sourceTree</key>
			<string>&lt;group&gt;</string>
		</dict>
		<key>09022EE61967E998009A8D7E</key>
		<dict>
			<key>fileRef</key>
			<string>09022EE51967E998009A8D7E</string>
			<key>isa</key>
			<string>PBXBuildFile</string>
		</dict>
		<key>09022EE71967E998009A8D7E</key>
		<dict>
			<key>isa</key>
			<string>PBXFileReference</string>
			<key>lastKnownFileType</key>
			<string>sourcecode.c.h</string>
			<key>path</key>
			<string>FloorPlay-Prefix.pch</string>
			<key>sourceTree</key>
			<string>&lt;group&gt;</string>
		</dict>
		<key>09022EF61967E999009A8D7E</key>
		<dict>
			<key>buildActionMask</key>
			<string>2147483647</string>
			<key>files</key>
			<array>
				<string>09022F081967E999009A8D7E</string>
			</array>
			<key>isa</key>
			<string>PBXSourcesBuildPhase</string>
			<key>runOnlyForDeploymentPostprocessing</key>
			<string>0</string>
		</dict>
		<key>09022EF71967E999009A8D7E</key>
		<dict>
			<key>buildActionMask</key>
			<string>2147483647</string>
			<key>files</key>
			<array>
				<string>09022EFC1967E999009A8D7E</string>
				<string>09022EFE1967E999009A8D7E</string>
				<string>09022EFD1967E999009A8D7E</string>
			</array>
			<key>isa</key>
			<string>PBXFrameworksBuildPhase</string>
			<key>runOnlyForDeploymentPostprocessing</key>
			<string>0</string>
		</dict>
		<key>09022EF81967E999009A8D7E</key>
		<dict>
			<key>buildActionMask</key>
			<string>2147483647</string>
			<key>files</key>
			<array>
				<string>09022F061967E999009A8D7E</string>
			</array>
			<key>isa</key>
			<string>PBXResourcesBuildPhase</string>
			<key>runOnlyForDeploymentPostprocessing</key>
			<string>0</string>
		</dict>
		<key>09022EF91967E999009A8D7E</key>
		<dict>
			<key>buildConfigurationList</key>
			<string>09022F0E1967E999009A8D7E</string>
			<key>buildPhases</key>
			<array>
				<string>09022EF61967E999009A8D7E</string>
				<string>09022EF71967E999009A8D7E</string>
				<string>09022EF81967E999009A8D7E</string>
			</array>
			<key>buildRules</key>
			<array/>
			<key>dependencies</key>
			<array>
				<string>09022F001967E999009A8D7E</string>
			</array>
			<key>isa</key>
			<string>PBXNativeTarget</string>
			<key>name</key>
			<string>FloorPlayTests</string>
			<key>productName</key>
			<string>FloorPlayTests</string>
			<key>productReference</key>
			<string>09022EFA1967E999009A8D7E</string>
			<key>productType</key>
			<string>com.apple.product-type.bundle.unit-test</string>
		</dict>
		<key>09022EFA1967E999009A8D7E</key>
		<dict>
			<key>explicitFileType</key>
			<string>wrapper.cfbundle</string>
			<key>includeInIndex</key>
			<string>0</string>
			<key>isa</key>
			<string>PBXFileReference</string>
			<key>path</key>
			<string>FloorPlayTests.xctest</string>
			<key>sourceTree</key>
			<string>BUILT_PRODUCTS_DIR</string>
		</dict>
		<key>09022EFB1967E999009A8D7E</key>
		<dict>
			<key>isa</key>
			<string>PBXFileReference</string>
			<key>lastKnownFileType</key>
			<string>wrapper.framework</string>
			<key>name</key>
			<string>XCTest.framework</string>
			<key>path</key>
			<string>Library/Frameworks/XCTest.framework</string>
			<key>sourceTree</key>
			<string>DEVELOPER_DIR</string>
		</dict>
		<key>09022EFC1967E999009A8D7E</key>
		<dict>
			<key>fileRef</key>
			<string>09022EFB1967E999009A8D7E</string>
			<key>isa</key>
			<string>PBXBuildFile</string>
		</dict>
		<key>09022EFD1967E999009A8D7E</key>
		<dict>
			<key>fileRef</key>
			<string>09022ED91967E998009A8D7E</string>
			<key>isa</key>
			<string>PBXBuildFile</string>
		</dict>
		<key>09022EFE1967E999009A8D7E</key>
		<dict>
			<key>fileRef</key>
			<string>09022EDD1967E998009A8D7E</string>
			<key>isa</key>
			<string>PBXBuildFile</string>
		</dict>
		<key>09022EFF1967E999009A8D7E</key>
		<dict>
			<key>containerPortal</key>
			<string>09022ECE1967E998009A8D7E</string>
			<key>isa</key>
			<string>PBXContainerItemProxy</string>
			<key>proxyType</key>
			<string>1</string>
			<key>remoteGlobalIDString</key>
			<string>09022ED51967E998009A8D7E</string>
			<key>remoteInfo</key>
			<string>FloorPlay</string>
		</dict>
		<key>09022F001967E999009A8D7E</key>
		<dict>
			<key>isa</key>
			<string>PBXTargetDependency</string>
			<key>target</key>
			<string>09022ED51967E998009A8D7E</string>
			<key>targetProxy</key>
			<string>09022EFF1967E999009A8D7E</string>
		</dict>
		<key>09022F011967E999009A8D7E</key>
		<dict>
			<key>children</key>
			<array>
				<string>09022F071967E999009A8D7E</string>
				<string>09022F021967E999009A8D7E</string>
			</array>
			<key>isa</key>
			<string>PBXGroup</string>
			<key>path</key>
			<string>FloorPlayTests</string>
			<key>sourceTree</key>
			<string>&lt;group&gt;</string>
		</dict>
		<key>09022F021967E999009A8D7E</key>
		<dict>
			<key>children</key>
			<array>
				<string>09022F031967E999009A8D7E</string>
				<string>09022F041967E999009A8D7E</string>
			</array>
			<key>isa</key>
			<string>PBXGroup</string>
			<key>name</key>
			<string>Supporting Files</string>
			<key>sourceTree</key>
			<string>&lt;group&gt;</string>
		</dict>
		<key>09022F031967E999009A8D7E</key>
		<dict>
			<key>isa</key>
			<string>PBXFileReference</string>
			<key>lastKnownFileType</key>
			<string>text.plist.xml</string>
			<key>path</key>
			<string>FloorPlayTests-Info.plist</string>
			<key>sourceTree</key>
			<string>&lt;group&gt;</string>
		</dict>
		<key>09022F041967E999009A8D7E</key>
		<dict>
			<key>children</key>
			<array>
				<string>09022F051967E999009A8D7E</string>
			</array>
			<key>isa</key>
			<string>PBXVariantGroup</string>
			<key>name</key>
			<string>InfoPlist.strings</string>
			<key>sourceTree</key>
			<string>&lt;group&gt;</string>
		</dict>
		<key>09022F051967E999009A8D7E</key>
		<dict>
			<key>isa</key>
			<string>PBXFileReference</string>
			<key>lastKnownFileType</key>
			<string>text.plist.strings</string>
			<key>name</key>
			<string>en</string>
			<key>path</key>
			<string>en.lproj/InfoPlist.strings</string>
			<key>sourceTree</key>
			<string>&lt;group&gt;</string>
		</dict>
		<key>09022F061967E999009A8D7E</key>
		<dict>
			<key>fileRef</key>
			<string>09022F041967E999009A8D7E</string>
			<key>isa</key>
			<string>PBXBuildFile</string>
		</dict>
		<key>09022F071967E999009A8D7E</key>
		<dict>
			<key>isa</key>
			<string>PBXFileReference</string>
			<key>lastKnownFileType</key>
			<string>sourcecode.c.objc</string>
			<key>path</key>
			<string>FloorPlayTests.m</string>
			<key>sourceTree</key>
			<string>&lt;group&gt;</string>
		</dict>
		<key>09022F081967E999009A8D7E</key>
		<dict>
			<key>fileRef</key>
			<string>09022F071967E999009A8D7E</string>
			<key>isa</key>
			<string>PBXBuildFile</string>
		</dict>
		<key>09022F091967E999009A8D7E</key>
		<dict>
			<key>buildSettings</key>
			<dict>
				<key>ALWAYS_SEARCH_USER_PATHS</key>
				<string>NO</string>
				<key>CLANG_CXX_LANGUAGE_STANDARD</key>
				<string>gnu++0x</string>
				<key>CLANG_CXX_LIBRARY</key>
				<string>libc++</string>
				<key>CLANG_ENABLE_MODULES</key>
				<string>YES</string>
				<key>CLANG_ENABLE_OBJC_ARC</key>
				<string>YES</string>
				<key>CLANG_WARN_BOOL_CONVERSION</key>
				<string>YES</string>
				<key>CLANG_WARN_CONSTANT_CONVERSION</key>
				<string>YES</string>
				<key>CLANG_WARN_DIRECT_OBJC_ISA_USAGE</key>
				<string>YES_ERROR</string>
				<key>CLANG_WARN_EMPTY_BODY</key>
				<string>YES</string>
				<key>CLANG_WARN_ENUM_CONVERSION</key>
				<string>YES</string>
				<key>CLANG_WARN_INT_CONVERSION</key>
				<string>YES</string>
				<key>CLANG_WARN_OBJC_ROOT_CLASS</key>
				<string>YES_ERROR</string>
				<key>CLANG_WARN__DUPLICATE_METHOD_MATCH</key>
				<string>YES</string>
				<key>CODE_SIGN_IDENTITY[sdk=iphoneos*]</key>
				<string>iPhone Developer</string>
				<key>COPY_PHASE_STRIP</key>
				<string>NO</string>
				<key>GCC_C_LANGUAGE_STANDARD</key>
				<string>gnu99</string>
				<key>GCC_DYNAMIC_NO_PIC</key>
				<string>NO</string>
				<key>GCC_OPTIMIZATION_LEVEL</key>
				<string>0</string>
				<key>GCC_PREPROCESSOR_DEFINITIONS</key>
				<array>
					<string>DEBUG=1</string>
					<string>$(inherited)</string>
				</array>
				<key>GCC_SYMBOLS_PRIVATE_EXTERN</key>
				<string>NO</string>
				<key>GCC_WARN_64_TO_32_BIT_CONVERSION</key>
				<string>YES</string>
				<key>GCC_WARN_ABOUT_RETURN_TYPE</key>
				<string>YES_ERROR</string>
				<key>GCC_WARN_UNDECLARED_SELECTOR</key>
				<string>YES</string>
				<key>GCC_WARN_UNINITIALIZED_AUTOS</key>
				<string>YES_AGGRESSIVE</string>
				<key>GCC_WARN_UNUSED_FUNCTION</key>
				<string>YES</string>
				<key>GCC_WARN_UNUSED_VARIABLE</key>
				<string>YES</string>
				<key>IPHONEOS_DEPLOYMENT_TARGET</key>
				<string>7.1</string>
				<key>ONLY_ACTIVE_ARCH</key>
				<string>YES</string>
				<key>SDKROOT</key>
				<string>iphoneos</string>
				<key>TARGETED_DEVICE_FAMILY</key>
				<string>1,2</string>
			</dict>
			<key>isa</key>
			<string>XCBuildConfiguration</string>
			<key>name</key>
			<string>Debug</string>
		</dict>
		<key>09022F0A1967E999009A8D7E</key>
		<dict>
			<key>buildSettings</key>
			<dict>
				<key>ALWAYS_SEARCH_USER_PATHS</key>
				<string>NO</string>
				<key>CLANG_CXX_LANGUAGE_STANDARD</key>
				<string>gnu++0x</string>
				<key>CLANG_CXX_LIBRARY</key>
				<string>libc++</string>
				<key>CLANG_ENABLE_MODULES</key>
				<string>YES</string>
				<key>CLANG_ENABLE_OBJC_ARC</key>
				<string>YES</string>
				<key>CLANG_WARN_BOOL_CONVERSION</key>
				<string>YES</string>
				<key>CLANG_WARN_CONSTANT_CONVERSION</key>
				<string>YES</string>
				<key>CLANG_WARN_DIRECT_OBJC_ISA_USAGE</key>
				<string>YES_ERROR</string>
				<key>CLANG_WARN_EMPTY_BODY</key>
				<string>YES</string>
				<key>CLANG_WARN_ENUM_CONVERSION</key>
				<string>YES</string>
				<key>CLANG_WARN_INT_CONVERSION</key>
				<string>YES</string>
				<key>CLANG_WARN_OBJC_ROOT_CLASS</key>
				<string>YES_ERROR</string>
				<key>CLANG_WARN__DUPLICATE_METHOD_MATCH</key>
				<string>YES</string>
				<key>CODE_SIGN_IDENTITY[sdk=iphoneos*]</key>
				<string>iPhone Developer</string>
				<key>COPY_PHASE_STRIP</key>
				<string>YES</string>
				<key>ENABLE_NS_ASSERTIONS</key>
				<string>NO</string>
				<key>GCC_C_LANGUAGE_STANDARD</key>
				<string>gnu99</string>
				<key>GCC_WARN_64_TO_32_BIT_CONVERSION</key>
				<string>YES</string>
				<key>GCC_WARN_ABOUT_RETURN_TYPE</key>
				<string>YES_ERROR</string>
				<key>GCC_WARN_UNDECLARED_SELECTOR</key>
				<string>YES</string>
				<key>GCC_WARN_UNINITIALIZED_AUTOS</key>
				<string>YES_AGGRESSIVE</string>
				<key>GCC_WARN_UNUSED_FUNCTION</key>
				<string>YES</string>
				<key>GCC_WARN_UNUSED_VARIABLE</key>
				<string>YES</string>
				<key>IPHONEOS_DEPLOYMENT_TARGET</key>
				<string>7.1</string>
				<key>SDKROOT</key>
				<string>iphoneos</string>
				<key>TARGETED_DEVICE_FAMILY</key>
				<string>1,2</string>
				<key>VALIDATE_PRODUCT</key>
				<string>YES</string>
			</dict>
			<key>isa</key>
			<string>XCBuildConfiguration</string>
			<key>name</key>
			<string>Release</string>
		</dict>
		<key>09022F0B1967E999009A8D7E</key>
		<dict>
			<key>buildConfigurations</key>
			<array>
				<string>09022F0C1967E999009A8D7E</string>
				<string>09022F0D1967E999009A8D7E</string>
			</array>
			<key>defaultConfigurationIsVisible</key>
			<string>0</string>
			<key>defaultConfigurationName</key>
			<string>Release</string>
			<key>isa</key>
			<string>XCConfigurationList</string>
		</dict>
		<key>09022F0C1967E999009A8D7E</key>
		<dict>
			<key>baseConfigurationReference</key>
			<string>E4F53C9FEA3B32093A3DA3A4</string>
			<key>buildSettings</key>
			<dict>
				<key>ASSETCATALOG_COMPILER_APPICON_NAME</key>
				<string>AppIcon</string>
				<key>ASSETCATALOG_COMPILER_LAUNCHIMAGE_NAME</key>
				<string>LaunchImage</string>
				<key>GCC_PRECOMPILE_PREFIX_HEADER</key>
				<string>YES</string>
				<key>GCC_PREFIX_HEADER</key>
				<string>FloorPlay/FloorPlay-Prefix.pch</string>
				<key>INFOPLIST_FILE</key>
				<string>FloorPlay/FloorPlay-Info.plist</string>
				<key>PRODUCT_NAME</key>
				<string>$(TARGET_NAME)</string>
				<key>WRAPPER_EXTENSION</key>
				<string>app</string>
			</dict>
			<key>isa</key>
			<string>XCBuildConfiguration</string>
			<key>name</key>
			<string>Debug</string>
		</dict>
		<key>09022F0D1967E999009A8D7E</key>
		<dict>
			<key>baseConfigurationReference</key>
			<string>E945C44CC5D8C9F0777B114B</string>
			<key>buildSettings</key>
			<dict>
				<key>ASSETCATALOG_COMPILER_APPICON_NAME</key>
				<string>AppIcon</string>
				<key>ASSETCATALOG_COMPILER_LAUNCHIMAGE_NAME</key>
				<string>LaunchImage</string>
				<key>GCC_PRECOMPILE_PREFIX_HEADER</key>
				<string>YES</string>
				<key>GCC_PREFIX_HEADER</key>
				<string>FloorPlay/FloorPlay-Prefix.pch</string>
				<key>INFOPLIST_FILE</key>
				<string>FloorPlay/FloorPlay-Info.plist</string>
				<key>PRODUCT_NAME</key>
				<string>$(TARGET_NAME)</string>
				<key>WRAPPER_EXTENSION</key>
				<string>app</string>
			</dict>
			<key>isa</key>
			<string>XCBuildConfiguration</string>
			<key>name</key>
			<string>Release</string>
		</dict>
		<key>09022F0E1967E999009A8D7E</key>
		<dict>
			<key>buildConfigurations</key>
			<array>
				<string>09022F0F1967E999009A8D7E</string>
				<string>09022F101967E999009A8D7E</string>
			</array>
			<key>defaultConfigurationIsVisible</key>
			<string>0</string>
			<key>defaultConfigurationName</key>
			<string>Release</string>
			<key>isa</key>
			<string>XCConfigurationList</string>
		</dict>
		<key>09022F0F1967E999009A8D7E</key>
		<dict>
			<key>buildSettings</key>
			<dict>
				<key>BUNDLE_LOADER</key>
				<string>$(BUILT_PRODUCTS_DIR)/FloorPlay.app/FloorPlay</string>
				<key>FRAMEWORK_SEARCH_PATHS</key>
				<array>
					<string>$(SDKROOT)/Developer/Library/Frameworks</string>
					<string>$(inherited)</string>
					<string>$(DEVELOPER_FRAMEWORKS_DIR)</string>
				</array>
				<key>GCC_PRECOMPILE_PREFIX_HEADER</key>
				<string>YES</string>
				<key>GCC_PREFIX_HEADER</key>
				<string>FloorPlay/FloorPlay-Prefix.pch</string>
				<key>GCC_PREPROCESSOR_DEFINITIONS</key>
				<array>
					<string>DEBUG=1</string>
					<string>$(inherited)</string>
				</array>
				<key>INFOPLIST_FILE</key>
				<string>FloorPlayTests/FloorPlayTests-Info.plist</string>
				<key>PRODUCT_NAME</key>
				<string>$(TARGET_NAME)</string>
				<key>TEST_HOST</key>
				<string>$(BUNDLE_LOADER)</string>
				<key>WRAPPER_EXTENSION</key>
				<string>xctest</string>
			</dict>
			<key>isa</key>
			<string>XCBuildConfiguration</string>
			<key>name</key>
			<string>Debug</string>
		</dict>
		<key>09022F101967E999009A8D7E</key>
		<dict>
			<key>buildSettings</key>
			<dict>
				<key>BUNDLE_LOADER</key>
				<string>$(BUILT_PRODUCTS_DIR)/FloorPlay.app/FloorPlay</string>
				<key>FRAMEWORK_SEARCH_PATHS</key>
				<array>
					<string>$(SDKROOT)/Developer/Library/Frameworks</string>
					<string>$(inherited)</string>
					<string>$(DEVELOPER_FRAMEWORKS_DIR)</string>
				</array>
				<key>GCC_PRECOMPILE_PREFIX_HEADER</key>
				<string>YES</string>
				<key>GCC_PREFIX_HEADER</key>
				<string>FloorPlay/FloorPlay-Prefix.pch</string>
				<key>INFOPLIST_FILE</key>
				<string>FloorPlayTests/FloorPlayTests-Info.plist</string>
				<key>PRODUCT_NAME</key>
				<string>$(TARGET_NAME)</string>
				<key>TEST_HOST</key>
				<string>$(BUNDLE_LOADER)</string>
				<key>WRAPPER_EXTENSION</key>
				<string>xctest</string>
			</dict>
			<key>isa</key>
			<string>XCBuildConfiguration</string>
			<key>name</key>
			<string>Release</string>
		</dict>
		<key>09022F111967F1BE009A8D7E</key>
		<dict>
			<key>fileEncoding</key>
			<string>4</string>
			<key>isa</key>
			<string>PBXFileReference</string>
			<key>lastKnownFileType</key>
			<string>sourcecode.c.h</string>
			<key>path</key>
			<string>AppDelegate.h</string>
			<key>sourceTree</key>
			<string>&lt;group&gt;</string>
		</dict>
		<key>09022F121967F1BE009A8D7E</key>
		<dict>
			<key>fileEncoding</key>
			<string>4</string>
			<key>isa</key>
			<string>PBXFileReference</string>
			<key>lastKnownFileType</key>
			<string>sourcecode.c.objc</string>
			<key>path</key>
			<string>AppDelegate.m</string>
			<key>sourceTree</key>
			<string>&lt;group&gt;</string>
		</dict>
		<key>09022F131967F1BE009A8D7E</key>
		<dict>
			<key>fileEncoding</key>
			<string>4</string>
			<key>isa</key>
			<string>PBXFileReference</string>
			<key>lastKnownFileType</key>
			<string>file.storyboard</string>
			<key>path</key>
			<string>MainStoryboard_iPhone.storyboard</string>
			<key>sourceTree</key>
			<string>&lt;group&gt;</string>
		</dict>
		<key>09022F141967F1BE009A8D7E</key>
		<dict>
			<key>fileEncoding</key>
			<string>4</string>
			<key>isa</key>
			<string>PBXFileReference</string>
			<key>lastKnownFileType</key>
			<string>file.storyboard</string>
			<key>path</key>
			<string>MainStoryboard_iPad.storyboard</string>
			<key>sourceTree</key>
			<string>&lt;group&gt;</string>
		</dict>
		<key>09022F151967F1BE009A8D7E</key>
		<dict>
			<key>fileEncoding</key>
			<string>4</string>
			<key>isa</key>
			<string>PBXFileReference</string>
			<key>lastKnownFileType</key>
			<string>sourcecode.c.h</string>
			<key>path</key>
			<string>SelectedCategoryViewController.h</string>
			<key>sourceTree</key>
			<string>&lt;group&gt;</string>
		</dict>
		<key>09022F161967F1BE009A8D7E</key>
		<dict>
			<key>fileEncoding</key>
			<string>4</string>
			<key>isa</key>
			<string>PBXFileReference</string>
			<key>lastKnownFileType</key>
			<string>sourcecode.c.objc</string>
			<key>path</key>
			<string>SelectedCategoryViewController.m</string>
			<key>sourceTree</key>
			<string>&lt;group&gt;</string>
		</dict>
		<key>09022F171967F1BE009A8D7E</key>
		<dict>
			<key>fileEncoding</key>
			<string>4</string>
			<key>isa</key>
			<string>PBXFileReference</string>
			<key>lastKnownFileType</key>
			<string>sourcecode.c.h</string>
			<key>path</key>
			<string>SearchCategoryViewController.h</string>
			<key>sourceTree</key>
			<string>&lt;group&gt;</string>
		</dict>
		<key>09022F181967F1BE009A8D7E</key>
		<dict>
			<key>fileEncoding</key>
			<string>4</string>
			<key>isa</key>
			<string>PBXFileReference</string>
			<key>lastKnownFileType</key>
			<string>sourcecode.c.objc</string>
			<key>path</key>
			<string>SearchCategoryViewController.m</string>
			<key>sourceTree</key>
			<string>&lt;group&gt;</string>
		</dict>
		<key>09022F191967F1BE009A8D7E</key>
		<dict>
			<key>fileEncoding</key>
			<string>4</string>
			<key>isa</key>
			<string>PBXFileReference</string>
			<key>lastKnownFileType</key>
			<string>sourcecode.c.h</string>
			<key>path</key>
			<string>FBSplitViewController.h</string>
			<key>sourceTree</key>
			<string>&lt;group&gt;</string>
		</dict>
		<key>09022F1A1967F1BE009A8D7E</key>
		<dict>
			<key>fileEncoding</key>
			<string>4</string>
			<key>isa</key>
			<string>PBXFileReference</string>
			<key>lastKnownFileType</key>
			<string>sourcecode.c.objc</string>
			<key>path</key>
			<string>FBSplitViewController.m</string>
			<key>sourceTree</key>
			<string>&lt;group&gt;</string>
		</dict>
		<key>09022F1B1967F1BE009A8D7E</key>
		<dict>
			<key>fileEncoding</key>
			<string>4</string>
			<key>isa</key>
			<string>PBXFileReference</string>
			<key>lastKnownFileType</key>
			<string>sourcecode.c.h</string>
			<key>path</key>
			<string>FloorPlayServices.h</string>
			<key>sourceTree</key>
			<string>&lt;group&gt;</string>
		</dict>
		<key>09022F1C1967F1BE009A8D7E</key>
		<dict>
			<key>fileEncoding</key>
			<string>4</string>
			<key>isa</key>
			<string>PBXFileReference</string>
			<key>lastKnownFileType</key>
			<string>sourcecode.c.objc</string>
			<key>path</key>
			<string>FloorPlayServices.m</string>
			<key>sourceTree</key>
			<string>&lt;group&gt;</string>
		</dict>
		<key>09022F1D1967F1BE009A8D7E</key>
		<dict>
			<key>fileEncoding</key>
			<string>4</string>
			<key>isa</key>
			<string>PBXFileReference</string>
			<key>lastKnownFileType</key>
			<string>sourcecode.c.h</string>
			<key>path</key>
			<string>Constants.h</string>
			<key>sourceTree</key>
			<string>&lt;group&gt;</string>
		</dict>
		<key>09022F1E1967F1BE009A8D7E</key>
		<dict>
			<key>fileEncoding</key>
			<string>4</string>
			<key>isa</key>
			<string>PBXFileReference</string>
			<key>lastKnownFileType</key>
			<string>sourcecode.c.h</string>
			<key>path</key>
			<string>FirstViewController.h</string>
			<key>sourceTree</key>
			<string>&lt;group&gt;</string>
		</dict>
		<key>09022F1F1967F1BE009A8D7E</key>
		<dict>
			<key>fileEncoding</key>
			<string>4</string>
			<key>isa</key>
			<string>PBXFileReference</string>
			<key>lastKnownFileType</key>
			<string>sourcecode.c.objc</string>
			<key>path</key>
			<string>FirstViewController.m</string>
			<key>sourceTree</key>
			<string>&lt;group&gt;</string>
		</dict>
		<key>09022F201967F1BE009A8D7E</key>
		<dict>
			<key>fileEncoding</key>
			<string>4</string>
			<key>isa</key>
			<string>PBXFileReference</string>
			<key>lastKnownFileType</key>
			<string>sourcecode.c.h</string>
			<key>path</key>
			<string>MasterViewController.h</string>
			<key>sourceTree</key>
			<string>&lt;group&gt;</string>
		</dict>
		<key>09022F211967F1BE009A8D7E</key>
		<dict>
			<key>fileEncoding</key>
			<string>4</string>
			<key>isa</key>
			<string>PBXFileReference</string>
			<key>lastKnownFileType</key>
			<string>sourcecode.c.objc</string>
			<key>path</key>
			<string>MasterViewController.m</string>
			<key>sourceTree</key>
			<string>&lt;group&gt;</string>
		</dict>
		<key>09022F221967F1BE009A8D7E</key>
		<dict>
			<key>fileEncoding</key>
			<string>4</string>
			<key>isa</key>
			<string>PBXFileReference</string>
			<key>lastKnownFileType</key>
			<string>sourcecode.c.h</string>
			<key>path</key>
			<string>DetailViewController.h</string>
			<key>sourceTree</key>
			<string>&lt;group&gt;</string>
		</dict>
		<key>09022F231967F1BE009A8D7E</key>
		<dict>
			<key>fileEncoding</key>
			<string>4</string>
			<key>isa</key>
			<string>PBXFileReference</string>
			<key>lastKnownFileType</key>
			<string>sourcecode.c.objc</string>
			<key>path</key>
			<string>DetailViewController.m</string>
			<key>sourceTree</key>
			<string>&lt;group&gt;</string>
		</dict>
		<key>09022F241967F1BE009A8D7E</key>
		<dict>
			<key>fileEncoding</key>
			<string>4</string>
			<key>isa</key>
			<string>PBXFileReference</string>
			<key>lastKnownFileType</key>
			<string>sourcecode.c.h</string>
			<key>path</key>
			<string>MainTableViewCell.h</string>
			<key>sourceTree</key>
			<string>&lt;group&gt;</string>
		</dict>
		<key>09022F251967F1BE009A8D7E</key>
		<dict>
			<key>fileEncoding</key>
			<string>4</string>
			<key>isa</key>
			<string>PBXFileReference</string>
			<key>lastKnownFileType</key>
			<string>sourcecode.c.objc</string>
			<key>path</key>
			<string>MainTableViewCell.m</string>
			<key>sourceTree</key>
			<string>&lt;group&gt;</string>
		</dict>
		<key>09022F261967F1BE009A8D7E</key>
		<dict>
			<key>fileEncoding</key>
			<string>4</string>
			<key>isa</key>
			<string>PBXFileReference</string>
			<key>lastKnownFileType</key>
			<string>sourcecode.c.h</string>
			<key>path</key>
			<string>FullScreenViewController.h</string>
			<key>sourceTree</key>
			<string>&lt;group&gt;</string>
		</dict>
		<key>09022F271967F1BE009A8D7E</key>
		<dict>
			<key>fileEncoding</key>
			<string>4</string>
			<key>isa</key>
			<string>PBXFileReference</string>
			<key>lastKnownFileType</key>
			<string>sourcecode.c.objc</string>
			<key>path</key>
			<string>FullScreenViewController.m</string>
			<key>sourceTree</key>
			<string>&lt;group&gt;</string>
		</dict>
		<key>09022F281967F1BE009A8D7E</key>
		<dict>
			<key>fileEncoding</key>
			<string>4</string>
			<key>isa</key>
			<string>PBXFileReference</string>
			<key>lastKnownFileType</key>
			<string>sourcecode.c.h</string>
			<key>path</key>
			<string>AGQuadControlViewController.h</string>
			<key>sourceTree</key>
			<string>&lt;group&gt;</string>
		</dict>
		<key>09022F291967F1BE009A8D7E</key>
		<dict>
			<key>fileEncoding</key>
			<string>4</string>
			<key>isa</key>
			<string>PBXFileReference</string>
			<key>lastKnownFileType</key>
			<string>sourcecode.c.objc</string>
			<key>path</key>
			<string>AGQuadControlViewController.m</string>
			<key>sourceTree</key>
			<string>&lt;group&gt;</string>
		</dict>
		<key>09022F2A1967F1BE009A8D7E</key>
		<dict>
			<key>fileEncoding</key>
			<string>4</string>
			<key>isa</key>
			<string>PBXFileReference</string>
			<key>lastKnownFileType</key>
			<string>sourcecode.c.h</string>
			<key>path</key>
			<string>BackgroundImagesViewController.h</string>
			<key>sourceTree</key>
			<string>&lt;group&gt;</string>
		</dict>
		<key>09022F2B1967F1BE009A8D7E</key>
		<dict>
			<key>fileEncoding</key>
			<string>4</string>
			<key>isa</key>
			<string>PBXFileReference</string>
			<key>lastKnownFileType</key>
			<string>sourcecode.c.h</string>
			<key>path</key>
			<string>UIViewController+OrientationFix.h</string>
			<key>sourceTree</key>
			<string>&lt;group&gt;</string>
		</dict>
		<key>09022F2C1967F1BE009A8D7E</key>
		<dict>
			<key>fileEncoding</key>
			<string>4</string>
			<key>isa</key>
			<string>PBXFileReference</string>
			<key>lastKnownFileType</key>
			<string>sourcecode.c.objc</string>
			<key>path</key>
			<string>UIViewController+OrientationFix.m</string>
			<key>sourceTree</key>
			<string>&lt;group&gt;</string>
		</dict>
		<key>09022F2D1967F1BE009A8D7E</key>
		<dict>
			<key>fileEncoding</key>
			<string>4</string>
			<key>isa</key>
			<string>PBXFileReference</string>
			<key>lastKnownFileType</key>
			<string>sourcecode.c.h</string>
			<key>path</key>
			<string>UIImagePickerController+OrientationFix.h</string>
			<key>sourceTree</key>
			<string>&lt;group&gt;</string>
		</dict>
		<key>09022F2E1967F1BE009A8D7E</key>
		<dict>
			<key>fileEncoding</key>
			<string>4</string>
			<key>isa</key>
			<string>PBXFileReference</string>
			<key>lastKnownFileType</key>
			<string>sourcecode.c.objc</string>
			<key>path</key>
			<string>UIImagePickerController+OrientationFix.m</string>
			<key>sourceTree</key>
			<string>&lt;group&gt;</string>
		</dict>
		<key>09022F2F1967F1BE009A8D7E</key>
		<dict>
			<key>fileEncoding</key>
			<string>4</string>
			<key>isa</key>
			<string>PBXFileReference</string>
			<key>lastKnownFileType</key>
			<string>sourcecode.c.objc</string>
			<key>path</key>
			<string>BackgroundImagesViewController.m</string>
			<key>sourceTree</key>
			<string>&lt;group&gt;</string>
		</dict>
		<key>09022F301967F1BE009A8D7E</key>
		<dict>
			<key>fileEncoding</key>
			<string>4</string>
			<key>isa</key>
			<string>PBXFileReference</string>
			<key>lastKnownFileType</key>
			<string>sourcecode.c.h</string>
			<key>path</key>
			<string>CarpetImagesViewController.h</string>
			<key>sourceTree</key>
			<string>&lt;group&gt;</string>
		</dict>
		<key>09022F311967F1BE009A8D7E</key>
		<dict>
			<key>fileEncoding</key>
			<string>4</string>
			<key>isa</key>
			<string>PBXFileReference</string>
			<key>lastKnownFileType</key>
			<string>sourcecode.c.objc</string>
			<key>path</key>
			<string>CarpetImagesViewController.m</string>
			<key>sourceTree</key>
			<string>&lt;group&gt;</string>
		</dict>
		<key>09022F321967F1BE009A8D7E</key>
		<dict>
			<key>fileEncoding</key>
			<string>4</string>
			<key>isa</key>
			<string>PBXFileReference</string>
			<key>lastKnownFileType</key>
			<string>sourcecode.c.h</string>
			<key>path</key>
			<string>ImageData.h</string>
			<key>sourceTree</key>
			<string>&lt;group&gt;</string>
		</dict>
		<key>09022F331967F1BE009A8D7E</key>
		<dict>
			<key>fileEncoding</key>
			<string>4</string>
			<key>isa</key>
			<string>PBXFileReference</string>
			<key>lastKnownFileType</key>
			<string>sourcecode.c.objc</string>
			<key>path</key>
			<string>ImageData.m</string>
			<key>sourceTree</key>
			<string>&lt;group&gt;</string>
		</dict>
		<key>09022F341967F1BE009A8D7E</key>
		<dict>
			<key>fileEncoding</key>
			<string>4</string>
			<key>isa</key>
			<string>PBXFileReference</string>
			<key>lastKnownFileType</key>
			<string>sourcecode.c.h</string>
			<key>path</key>
			<string>ImagesDataSource.h</string>
			<key>sourceTree</key>
			<string>&lt;group&gt;</string>
		</dict>
		<key>09022F351967F1BE009A8D7E</key>
		<dict>
			<key>fileEncoding</key>
			<string>4</string>
			<key>isa</key>
			<string>PBXFileReference</string>
			<key>lastKnownFileType</key>
			<string>sourcecode.c.objc</string>
			<key>path</key>
			<string>ImagesDataSource.m</string>
			<key>sourceTree</key>
			<string>&lt;group&gt;</string>
		</dict>
		<key>09022F361967F1BE009A8D7E</key>
		<dict>
			<key>fileEncoding</key>
			<string>4</string>
			<key>isa</key>
			<string>PBXFileReference</string>
			<key>lastKnownFileType</key>
			<string>sourcecode.c.h</string>
			<key>path</key>
			<string>ImagesDataParser.h</string>
			<key>sourceTree</key>
			<string>&lt;group&gt;</string>
		</dict>
		<key>09022F371967F1BE009A8D7E</key>
		<dict>
			<key>fileEncoding</key>
			<string>4</string>
			<key>isa</key>
			<string>PBXFileReference</string>
			<key>lastKnownFileType</key>
			<string>sourcecode.c.objc</string>
			<key>path</key>
			<string>ImagesDataParser.m</string>
			<key>sourceTree</key>
			<string>&lt;group&gt;</string>
		</dict>
		<key>09022F381967F1BE009A8D7E</key>
		<dict>
			<key>fileRef</key>
			<string>09022F121967F1BE009A8D7E</string>
			<key>isa</key>
			<string>PBXBuildFile</string>
		</dict>
		<key>09022F391967F1BE009A8D7E</key>
		<dict>
			<key>fileRef</key>
			<string>09022F131967F1BE009A8D7E</string>
			<key>isa</key>
			<string>PBXBuildFile</string>
		</dict>
		<key>09022F3A1967F1BE009A8D7E</key>
		<dict>
			<key>fileRef</key>
			<string>09022F141967F1BE009A8D7E</string>
			<key>isa</key>
			<string>PBXBuildFile</string>
		</dict>
		<key>09022F3B1967F1BE009A8D7E</key>
		<dict>
			<key>fileRef</key>
			<string>09022F161967F1BE009A8D7E</string>
			<key>isa</key>
			<string>PBXBuildFile</string>
		</dict>
		<key>09022F3C1967F1BE009A8D7E</key>
		<dict>
			<key>fileRef</key>
			<string>09022F181967F1BE009A8D7E</string>
			<key>isa</key>
			<string>PBXBuildFile</string>
		</dict>
		<key>09022F3D1967F1BE009A8D7E</key>
		<dict>
			<key>fileRef</key>
			<string>09022F1A1967F1BE009A8D7E</string>
			<key>isa</key>
			<string>PBXBuildFile</string>
		</dict>
		<key>09022F3E1967F1BE009A8D7E</key>
		<dict>
			<key>fileRef</key>
			<string>09022F1C1967F1BE009A8D7E</string>
			<key>isa</key>
			<string>PBXBuildFile</string>
		</dict>
		<key>09022F3F1967F1BE009A8D7E</key>
		<dict>
			<key>fileRef</key>
			<string>09022F1F1967F1BE009A8D7E</string>
			<key>isa</key>
			<string>PBXBuildFile</string>
		</dict>
		<key>09022F401967F1BE009A8D7E</key>
		<dict>
			<key>fileRef</key>
			<string>09022F211967F1BE009A8D7E</string>
			<key>isa</key>
			<string>PBXBuildFile</string>
		</dict>
		<key>09022F411967F1BE009A8D7E</key>
		<dict>
			<key>fileRef</key>
			<string>09022F231967F1BE009A8D7E</string>
			<key>isa</key>
			<string>PBXBuildFile</string>
		</dict>
		<key>09022F421967F1BE009A8D7E</key>
		<dict>
			<key>fileRef</key>
			<string>09022F251967F1BE009A8D7E</string>
			<key>isa</key>
			<string>PBXBuildFile</string>
		</dict>
		<key>09022F431967F1BE009A8D7E</key>
		<dict>
			<key>fileRef</key>
			<string>09022F271967F1BE009A8D7E</string>
			<key>isa</key>
			<string>PBXBuildFile</string>
		</dict>
		<key>09022F441967F1BE009A8D7E</key>
		<dict>
			<key>fileRef</key>
			<string>09022F291967F1BE009A8D7E</string>
			<key>isa</key>
			<string>PBXBuildFile</string>
		</dict>
		<key>09022F451967F1BE009A8D7E</key>
		<dict>
			<key>fileRef</key>
			<string>09022F2C1967F1BE009A8D7E</string>
			<key>isa</key>
			<string>PBXBuildFile</string>
		</dict>
		<key>09022F461967F1BE009A8D7E</key>
		<dict>
			<key>fileRef</key>
			<string>09022F2E1967F1BE009A8D7E</string>
			<key>isa</key>
			<string>PBXBuildFile</string>
		</dict>
		<key>09022F471967F1BE009A8D7E</key>
		<dict>
			<key>fileRef</key>
			<string>09022F2F1967F1BE009A8D7E</string>
			<key>isa</key>
			<string>PBXBuildFile</string>
		</dict>
		<key>09022F481967F1BE009A8D7E</key>
		<dict>
			<key>fileRef</key>
			<string>09022F311967F1BE009A8D7E</string>
			<key>isa</key>
			<string>PBXBuildFile</string>
		</dict>
		<key>09022F491967F1BE009A8D7E</key>
		<dict>
			<key>fileRef</key>
			<string>09022F331967F1BE009A8D7E</string>
			<key>isa</key>
			<string>PBXBuildFile</string>
		</dict>
		<key>09022F4A1967F1BE009A8D7E</key>
		<dict>
			<key>fileRef</key>
			<string>09022F351967F1BE009A8D7E</string>
			<key>isa</key>
			<string>PBXBuildFile</string>
		</dict>
		<key>09022F4B1967F1BE009A8D7E</key>
		<dict>
			<key>fileRef</key>
			<string>09022F371967F1BE009A8D7E</string>
			<key>isa</key>
			<string>PBXBuildFile</string>
		</dict>
		<key>09022F4C1967F746009A8D7E</key>
		<dict>
			<key>children</key>
			<array>
				<string>09022F531967F79A009A8D7E</string>
				<string>09022F541967F79A009A8D7E</string>
				<string>09022F4D1967F758009A8D7E</string>
				<string>09022F4E1967F758009A8D7E</string>
				<string>09022F4F1967F758009A8D7E</string>
				<string>09022F501967F758009A8D7E</string>
			</array>
			<key>isa</key>
			<string>PBXGroup</string>
			<key>name</key>
			<string>Categories</string>
			<key>sourceTree</key>
			<string>&lt;group&gt;</string>
		</dict>
		<key>09022F4D1967F758009A8D7E</key>
		<dict>
			<key>fileEncoding</key>
			<string>4</string>
			<key>isa</key>
			<string>PBXFileReference</string>
			<key>lastKnownFileType</key>
			<string>sourcecode.c.h</string>
			<key>path</key>
			<string>StringCategories.h</string>
			<key>sourceTree</key>
			<string>&lt;group&gt;</string>
		</dict>
		<key>09022F4E1967F758009A8D7E</key>
		<dict>
			<key>fileEncoding</key>
			<string>4</string>
			<key>isa</key>
			<string>PBXFileReference</string>
			<key>lastKnownFileType</key>
			<string>sourcecode.c.objc</string>
			<key>path</key>
			<string>StringCategories.m</string>
			<key>sourceTree</key>
			<string>&lt;group&gt;</string>
		</dict>
		<key>09022F4F1967F758009A8D7E</key>
		<dict>
			<key>fileEncoding</key>
			<string>4</string>
			<key>isa</key>
			<string>PBXFileReference</string>
			<key>lastKnownFileType</key>
			<string>sourcecode.c.h</string>
			<key>path</key>
			<string>UIViewControllerCategories.h</string>
			<key>sourceTree</key>
			<string>&lt;group&gt;</string>
		</dict>
		<key>09022F501967F758009A8D7E</key>
		<dict>
			<key>fileEncoding</key>
			<string>4</string>
			<key>isa</key>
			<string>PBXFileReference</string>
			<key>lastKnownFileType</key>
			<string>sourcecode.c.objc</string>
			<key>path</key>
			<string>UIViewControllerCategories.m</string>
			<key>sourceTree</key>
			<string>&lt;group&gt;</string>
		</dict>
		<key>09022F511967F758009A8D7E</key>
		<dict>
			<key>fileRef</key>
			<string>09022F4E1967F758009A8D7E</string>
			<key>isa</key>
			<string>PBXBuildFile</string>
		</dict>
		<key>09022F521967F758009A8D7E</key>
		<dict>
			<key>fileRef</key>
			<string>09022F501967F758009A8D7E</string>
			<key>isa</key>
			<string>PBXBuildFile</string>
		</dict>
		<key>09022F531967F79A009A8D7E</key>
		<dict>
			<key>fileEncoding</key>
			<string>4</string>
			<key>isa</key>
			<string>PBXFileReference</string>
			<key>lastKnownFileType</key>
			<string>sourcecode.c.h</string>
			<key>path</key>
			<string>UIImageCategories.h</string>
			<key>sourceTree</key>
			<string>&lt;group&gt;</string>
		</dict>
		<key>09022F541967F79A009A8D7E</key>
		<dict>
			<key>fileEncoding</key>
			<string>4</string>
			<key>isa</key>
			<string>PBXFileReference</string>
			<key>lastKnownFileType</key>
			<string>sourcecode.c.objc</string>
			<key>path</key>
			<string>UIImageCategories.m</string>
			<key>sourceTree</key>
			<string>&lt;group&gt;</string>
		</dict>
		<key>09022F551967F79A009A8D7E</key>
		<dict>
			<key>fileRef</key>
			<string>09022F541967F79A009A8D7E</string>
			<key>isa</key>
			<string>PBXBuildFile</string>
		</dict>
		<key>09073DF519693A1A0034D98F</key>
		<dict>
			<key>children</key>
			<array>
				<string>09073DF619693A560034D98F</string>
				<string>09073DF719693A560034D98F</string>
			</array>
			<key>isa</key>
			<string>PBXGroup</string>
			<key>name</key>
			<string>CustomProducts</string>
			<key>sourceTree</key>
			<string>&lt;group&gt;</string>
		</dict>
		<key>09073DF619693A560034D98F</key>
		<dict>
			<key>fileEncoding</key>
			<string>4</string>
			<key>isa</key>
			<string>PBXFileReference</string>
			<key>lastKnownFileType</key>
			<string>sourcecode.c.h</string>
			<key>path</key>
			<string>ProductMasterViewController.h</string>
			<key>sourceTree</key>
			<string>&lt;group&gt;</string>
		</dict>
		<key>09073DF719693A560034D98F</key>
		<dict>
			<key>fileEncoding</key>
			<string>4</string>
			<key>isa</key>
			<string>PBXFileReference</string>
			<key>lastKnownFileType</key>
			<string>sourcecode.c.objc</string>
			<key>path</key>
			<string>ProductMasterViewController.m</string>
			<key>sourceTree</key>
			<string>&lt;group&gt;</string>
		</dict>
		<key>09073DF819693A560034D98F</key>
		<dict>
			<key>fileRef</key>
			<string>09073DF719693A560034D98F</string>
			<key>isa</key>
			<string>PBXBuildFile</string>
		</dict>
		<key>09073DF9196949820034D98F</key>
		<dict>
			<key>fileEncoding</key>
			<string>4</string>
			<key>isa</key>
			<string>PBXFileReference</string>
			<key>lastKnownFileType</key>
			<string>sourcecode.c.h</string>
			<key>path</key>
			<string>CustomDataSource.h</string>
			<key>sourceTree</key>
			<string>&lt;group&gt;</string>
		</dict>
		<key>09073DFA196949820034D98F</key>
		<dict>
			<key>fileEncoding</key>
			<string>4</string>
			<key>isa</key>
			<string>PBXFileReference</string>
			<key>lastKnownFileType</key>
			<string>sourcecode.c.objc</string>
			<key>path</key>
			<string>CustomDataSource.m</string>
			<key>sourceTree</key>
			<string>&lt;group&gt;</string>
		</dict>
		<key>09073DFB196949820034D98F</key>
		<dict>
			<key>fileRef</key>
			<string>09073DFA196949820034D98F</string>
			<key>isa</key>
			<string>PBXBuildFile</string>
		</dict>
		<key>09073DFC1969597D0034D98F</key>
		<dict>
			<key>children</key>
			<array>
				<string>09022F321967F1BE009A8D7E</string>
				<string>09022F331967F1BE009A8D7E</string>
				<string>09022F341967F1BE009A8D7E</string>
				<string>09022F351967F1BE009A8D7E</string>
				<string>09073E00196959D40034D98F</string>
				<string>09073E01196959D40034D98F</string>
				<string>09073DF9196949820034D98F</string>
				<string>09073DFA196949820034D98F</string>
			</array>
			<key>isa</key>
			<string>PBXGroup</string>
			<key>name</key>
			<string>Models</string>
			<key>sourceTree</key>
			<string>&lt;group&gt;</string>
		</dict>
		<key>09073E00196959D40034D98F</key>
		<dict>
			<key>fileEncoding</key>
			<string>4</string>
			<key>isa</key>
			<string>PBXFileReference</string>
			<key>lastKnownFileType</key>
			<string>sourcecode.c.h</string>
			<key>path</key>
			<string>FPProduct.h</string>
			<key>sourceTree</key>
			<string>&lt;group&gt;</string>
		</dict>
		<key>09073E01196959D40034D98F</key>
		<dict>
			<key>fileEncoding</key>
			<string>4</string>
			<key>isa</key>
			<string>PBXFileReference</string>
			<key>lastKnownFileType</key>
			<string>sourcecode.c.objc</string>
			<key>path</key>
			<string>FPProduct.m</string>
			<key>sourceTree</key>
			<string>&lt;group&gt;</string>
		</dict>
		<key>09073E02196959D40034D98F</key>
		<dict>
			<key>fileRef</key>
			<string>09073E01196959D40034D98F</string>
			<key>isa</key>
			<string>PBXBuildFile</string>
		</dict>
		<key>0975132B19682DDF00104990</key>
		<dict>
			<key>fileEncoding</key>
			<string>4</string>
			<key>isa</key>
			<string>PBXFileReference</string>
			<key>lastKnownFileType</key>
			<string>sourcecode.c.h</string>
			<key>path</key>
			<string>FBImagePickerViewController.h</string>
			<key>sourceTree</key>
			<string>&lt;group&gt;</string>
		</dict>
		<key>0975132C19682DDF00104990</key>
		<dict>
			<key>fileEncoding</key>
			<string>4</string>
			<key>isa</key>
			<string>PBXFileReference</string>
			<key>lastKnownFileType</key>
			<string>sourcecode.c.objc</string>
			<key>path</key>
			<string>FBImagePickerViewController.m</string>
			<key>sourceTree</key>
			<string>&lt;group&gt;</string>
		</dict>
		<key>0975132D19682DDF00104990</key>
		<dict>
			<key>fileRef</key>
			<string>0975132C19682DDF00104990</string>
			<key>isa</key>
			<string>PBXBuildFile</string>
		</dict>
		<key>099FBA751967FB4B002D3688</key>
		<dict>
			<key>children</key>
			<array>
				<string>099FBA761967FB5E002D3688</string>
				<string>099FBA771967FB5E002D3688</string>
				<string>099FBA781967FB5E002D3688</string>
				<string>099FBA791967FB5E002D3688</string>
				<string>099FBA7A1967FB5E002D3688</string>
				<string>099FBA7B1967FB5E002D3688</string>
				<string>099FBA7C1967FB5E002D3688</string>
				<string>099FBA7D1967FB5E002D3688</string>
				<string>099FBA7E1967FB5E002D3688</string>
				<string>099FBA7F1967FB5E002D3688</string>
				<string>099FBA801967FB5E002D3688</string>
				<string>099FBA811967FB5E002D3688</string>
				<string>099FBA821967FB5E002D3688</string>
				<string>099FBA831967FB5E002D3688</string>
				<string>099FBA841967FB5E002D3688</string>
				<string>099FBA851967FB5E002D3688</string>
				<string>099FBA861967FB5E002D3688</string>
				<string>099FBA871967FB5E002D3688</string>
				<string>099FBA881967FB5E002D3688</string>
			</array>
			<key>isa</key>
			<string>PBXGroup</string>
			<key>name</key>
			<string>Images</string>
			<key>sourceTree</key>
			<string>&lt;group&gt;</string>
		</dict>
		<key>099FBA761967FB5E002D3688</key>
		<dict>
			<key>isa</key>
			<string>PBXFileReference</string>
			<key>lastKnownFileType</key>
			<string>image.jpeg</string>
			<key>path</key>
			<string>DefaultBG.jpg</string>
			<key>sourceTree</key>
			<string>&lt;group&gt;</string>
		</dict>
		<key>099FBA771967FB5E002D3688</key>
		<dict>
			<key>isa</key>
			<string>PBXFileReference</string>
			<key>lastKnownFileType</key>
			<string>image.png</string>
			<key>path</key>
			<string>arrow.png</string>
			<key>sourceTree</key>
			<string>&lt;group&gt;</string>
		</dict>
		<key>099FBA781967FB5E002D3688</key>
		<dict>
			<key>isa</key>
			<string>PBXFileReference</string>
			<key>lastKnownFileType</key>
			<string>image.png</string>
			<key>path</key>
			<string>arrow@2x.png</string>
			<key>sourceTree</key>
			<string>&lt;group&gt;</string>
		</dict>
		<key>099FBA791967FB5E002D3688</key>
		<dict>
			<key>isa</key>
			<string>PBXFileReference</string>
			<key>lastKnownFileType</key>
			<string>image.png</string>
			<key>path</key>
			<string>controlpoint_h.png</string>
			<key>sourceTree</key>
			<string>&lt;group&gt;</string>
		</dict>
		<key>099FBA7A1967FB5E002D3688</key>
		<dict>
			<key>isa</key>
			<string>PBXFileReference</string>
			<key>lastKnownFileType</key>
			<string>image.png</string>
			<key>path</key>
			<string>controlpoint.png</string>
			<key>sourceTree</key>
			<string>&lt;group&gt;</string>
		</dict>
		<key>099FBA7B1967FB5E002D3688</key>
		<dict>
			<key>isa</key>
			<string>PBXFileReference</string>
			<key>lastKnownFileType</key>
			<string>image.png</string>
			<key>path</key>
			<string>crop_sample.png</string>
			<key>sourceTree</key>
			<string>&lt;group&gt;</string>
		</dict>
		<key>099FBA7C1967FB5E002D3688</key>
		<dict>
			<key>isa</key>
			<string>PBXFileReference</string>
			<key>lastKnownFileType</key>
			<string>image.jpeg</string>
			<key>path</key>
			<string>sampleimg_enhanced.jpg</string>
			<key>sourceTree</key>
			<string>&lt;group&gt;</string>
		</dict>
		<key>099FBA7D1967FB5E002D3688</key>
		<dict>
			<key>isa</key>
			<string>PBXFileReference</string>
			<key>lastKnownFileType</key>
			<string>image.jpeg</string>
			<key>path</key>
			<string>sampleimg.jpg</string>
			<key>sourceTree</key>
			<string>&lt;group&gt;</string>
		</dict>
		<key>099FBA7E1967FB5E002D3688</key>
		<dict>
			<key>isa</key>
			<string>PBXFileReference</string>
			<key>lastKnownFileType</key>
			<string>image.png</string>
			<key>path</key>
			<string>tabbar_icon.png</string>
			<key>sourceTree</key>
			<string>&lt;group&gt;</string>
		</dict>
		<key>099FBA7F1967FB5E002D3688</key>
		<dict>
			<key>isa</key>
			<string>PBXFileReference</string>
			<key>lastKnownFileType</key>
			<string>image.png</string>
			<key>path</key>
			<string>arrow_next.png</string>
			<key>sourceTree</key>
			<string>&lt;group&gt;</string>
		</dict>
		<key>099FBA801967FB5E002D3688</key>
		<dict>
			<key>isa</key>
			<string>PBXFileReference</string>
			<key>lastKnownFileType</key>
			<string>image.png</string>
			<key>path</key>
			<string>arrow_prev.png</string>
			<key>sourceTree</key>
			<string>&lt;group&gt;</string>
		</dict>
		<key>099FBA811967FB5E002D3688</key>
		<dict>
			<key>isa</key>
			<string>PBXFileReference</string>
			<key>lastKnownFileType</key>
			<string>image.png</string>
			<key>path</key>
			<string>navBarBtn.png</string>
			<key>sourceTree</key>
			<string>&lt;group&gt;</string>
		</dict>
		<key>099FBA821967FB5E002D3688</key>
		<dict>
			<key>isa</key>
			<string>PBXFileReference</string>
			<key>lastKnownFileType</key>
			<string>image.png</string>
			<key>path</key>
			<string>textViewBG.png</string>
			<key>sourceTree</key>
			<string>&lt;group&gt;</string>
		</dict>
		<key>099FBA831967FB5E002D3688</key>
		<dict>
			<key>isa</key>
			<string>PBXFileReference</string>
			<key>lastKnownFileType</key>
			<string>image.jpeg</string>
			<key>path</key>
			<string>exitFuillScreen.jpg</string>
			<key>sourceTree</key>
			<string>&lt;group&gt;</string>
		</dict>
		<key>099FBA841967FB5E002D3688</key>
		<dict>
			<key>isa</key>
			<string>PBXFileReference</string>
			<key>lastKnownFileType</key>
			<string>image.png</string>
			<key>path</key>
			<string>fullscreen.png</string>
			<key>sourceTree</key>
			<string>&lt;group&gt;</string>
		</dict>
		<key>099FBA851967FB5E002D3688</key>
		<dict>
			<key>isa</key>
			<string>PBXFileReference</string>
			<key>lastKnownFileType</key>
			<string>image.jpeg</string>
			<key>path</key>
			<string>fullScreen.jpg</string>
			<key>sourceTree</key>
			<string>&lt;group&gt;</string>
		</dict>
		<key>099FBA861967FB5E002D3688</key>
		<dict>
			<key>isa</key>
			<string>PBXFileReference</string>
			<key>lastKnownFileType</key>
			<string>image.png</string>
			<key>path</key>
			<string>Topbar.png</string>
			<key>sourceTree</key>
			<string>&lt;group&gt;</string>
		</dict>
		<key>099FBA871967FB5E002D3688</key>
		<dict>
			<key>isa</key>
			<string>PBXFileReference</string>
			<key>lastKnownFileType</key>
			<string>image.png</string>
			<key>path</key>
			<string>btn_Signin.png</string>
			<key>sourceTree</key>
			<string>&lt;group&gt;</string>
		</dict>
		<key>099FBA881967FB5E002D3688</key>
		<dict>
			<key>isa</key>
			<string>PBXFileReference</string>
			<key>lastKnownFileType</key>
			<string>image.bmp</string>
			<key>path</key>
			<string>logo.bmp</string>
			<key>sourceTree</key>
			<string>&lt;group&gt;</string>
		</dict>
		<key>099FBA891967FB5E002D3688</key>
		<dict>
			<key>fileRef</key>
			<string>099FBA761967FB5E002D3688</string>
			<key>isa</key>
			<string>PBXBuildFile</string>
		</dict>
		<key>099FBA8A1967FB5E002D3688</key>
		<dict>
			<key>fileRef</key>
			<string>099FBA771967FB5E002D3688</string>
			<key>isa</key>
			<string>PBXBuildFile</string>
		</dict>
		<key>099FBA8B1967FB5E002D3688</key>
		<dict>
			<key>fileRef</key>
			<string>099FBA781967FB5E002D3688</string>
			<key>isa</key>
			<string>PBXBuildFile</string>
		</dict>
		<key>099FBA8C1967FB5E002D3688</key>
		<dict>
			<key>fileRef</key>
			<string>099FBA791967FB5E002D3688</string>
			<key>isa</key>
			<string>PBXBuildFile</string>
		</dict>
		<key>099FBA8D1967FB5E002D3688</key>
		<dict>
			<key>fileRef</key>
			<string>099FBA7A1967FB5E002D3688</string>
			<key>isa</key>
			<string>PBXBuildFile</string>
		</dict>
		<key>099FBA8E1967FB5E002D3688</key>
		<dict>
			<key>fileRef</key>
			<string>099FBA7B1967FB5E002D3688</string>
			<key>isa</key>
			<string>PBXBuildFile</string>
		</dict>
		<key>099FBA8F1967FB5E002D3688</key>
		<dict>
			<key>fileRef</key>
			<string>099FBA7C1967FB5E002D3688</string>
			<key>isa</key>
			<string>PBXBuildFile</string>
		</dict>
		<key>099FBA901967FB5E002D3688</key>
		<dict>
			<key>fileRef</key>
			<string>099FBA7D1967FB5E002D3688</string>
			<key>isa</key>
			<string>PBXBuildFile</string>
		</dict>
		<key>099FBA911967FB5E002D3688</key>
		<dict>
			<key>fileRef</key>
			<string>099FBA7E1967FB5E002D3688</string>
			<key>isa</key>
			<string>PBXBuildFile</string>
		</dict>
		<key>099FBA921967FB5E002D3688</key>
		<dict>
			<key>fileRef</key>
			<string>099FBA7F1967FB5E002D3688</string>
			<key>isa</key>
			<string>PBXBuildFile</string>
		</dict>
		<key>099FBA931967FB5E002D3688</key>
		<dict>
			<key>fileRef</key>
			<string>099FBA801967FB5E002D3688</string>
			<key>isa</key>
			<string>PBXBuildFile</string>
		</dict>
		<key>099FBA941967FB5E002D3688</key>
		<dict>
			<key>fileRef</key>
			<string>099FBA811967FB5E002D3688</string>
			<key>isa</key>
			<string>PBXBuildFile</string>
		</dict>
		<key>099FBA951967FB5E002D3688</key>
		<dict>
			<key>fileRef</key>
			<string>099FBA821967FB5E002D3688</string>
			<key>isa</key>
			<string>PBXBuildFile</string>
		</dict>
		<key>099FBA961967FB5E002D3688</key>
		<dict>
			<key>fileRef</key>
			<string>099FBA831967FB5E002D3688</string>
			<key>isa</key>
			<string>PBXBuildFile</string>
		</dict>
		<key>099FBA971967FB5E002D3688</key>
		<dict>
			<key>fileRef</key>
			<string>099FBA841967FB5E002D3688</string>
			<key>isa</key>
			<string>PBXBuildFile</string>
		</dict>
		<key>099FBA981967FB5E002D3688</key>
		<dict>
			<key>fileRef</key>
			<string>099FBA851967FB5E002D3688</string>
			<key>isa</key>
			<string>PBXBuildFile</string>
		</dict>
		<key>099FBA991967FB5E002D3688</key>
		<dict>
			<key>fileRef</key>
			<string>099FBA861967FB5E002D3688</string>
			<key>isa</key>
			<string>PBXBuildFile</string>
		</dict>
		<key>099FBA9A1967FB5E002D3688</key>
		<dict>
			<key>fileRef</key>
			<string>099FBA871967FB5E002D3688</string>
			<key>isa</key>
			<string>PBXBuildFile</string>
		</dict>
		<key>099FBA9B1967FB5E002D3688</key>
		<dict>
			<key>fileRef</key>
			<string>099FBA881967FB5E002D3688</string>
			<key>isa</key>
			<string>PBXBuildFile</string>
		</dict>
		<key>099FBA9C196808A2002D3688</key>
		<dict>
			<key>children</key>
			<array>
				<string>09022F1B1967F1BE009A8D7E</string>
				<string>09022F1C1967F1BE009A8D7E</string>
				<string>099FBA9D19680919002D3688</string>
				<string>099FBA9E19680919002D3688</string>
			</array>
			<key>isa</key>
			<string>PBXGroup</string>
			<key>name</key>
			<string>Services</string>
			<key>sourceTree</key>
			<string>&lt;group&gt;</string>
		</dict>
		<key>099FBA9D19680919002D3688</key>
		<dict>
			<key>fileEncoding</key>
			<string>4</string>
			<key>isa</key>
			<string>PBXFileReference</string>
			<key>lastKnownFileType</key>
			<string>sourcecode.c.h</string>
			<key>path</key>
			<string>FPAFNetworking.h</string>
			<key>sourceTree</key>
			<string>&lt;group&gt;</string>
		</dict>
		<key>099FBA9E19680919002D3688</key>
		<dict>
			<key>fileEncoding</key>
			<string>4</string>
			<key>isa</key>
			<string>PBXFileReference</string>
			<key>lastKnownFileType</key>
			<string>sourcecode.c.objc</string>
			<key>path</key>
			<string>FPAFNetworking.m</string>
			<key>sourceTree</key>
			<string>&lt;group&gt;</string>
		</dict>
		<key>099FBA9F19680919002D3688</key>
		<dict>
			<key>fileRef</key>
			<string>099FBA9E19680919002D3688</string>
			<key>isa</key>
			<string>PBXBuildFile</string>
		</dict>
		<key>107E4B76031F406EAD671FAC</key>
		<dict>
			<key>explicitFileType</key>
			<string>archive.ar</string>
			<key>includeInIndex</key>
			<string>0</string>
			<key>isa</key>
			<string>PBXFileReference</string>
			<key>path</key>
			<string>libPods-FloorPlay.a</string>
			<key>sourceTree</key>
			<string>BUILT_PRODUCTS_DIR</string>
		</dict>
		<key>3A3BD4FE10F3400781DC1D61</key>
		<dict>
			<key>buildActionMask</key>
			<string>2147483647</string>
			<key>files</key>
			<array/>
			<key>inputPaths</key>
			<array/>
			<key>isa</key>
			<string>PBXShellScriptBuildPhase</string>
			<key>name</key>
			<string>Check Pods Manifest.lock</string>
			<key>outputPaths</key>
			<array/>
			<key>runOnlyForDeploymentPostprocessing</key>
			<string>0</string>
			<key>shellPath</key>
			<string>/bin/sh</string>
			<key>shellScript</key>
			<string>diff "${PODS_ROOT}/../Podfile.lock" "${PODS_ROOT}/Manifest.lock" &gt; /dev/null
if [[ $? != 0 ]] ; then
    cat &lt;&lt; EOM
error: The sandbox is not in sync with the Podfile.lock. Run 'pod install' or update your CocoaPods installation.
EOM
    exit 1
fi
</string>
			<key>showEnvVarsInLog</key>
			<string>0</string>
		</dict>
		<key>613D0C985886468185D016EB</key>
		<dict>
			<key>fileRef</key>
			<string>107E4B76031F406EAD671FAC</string>
			<key>isa</key>
			<string>PBXBuildFile</string>
		</dict>
		<key>6484F6F5CD8748078E035A38</key>
		<dict>
			<key>buildActionMask</key>
			<string>2147483647</string>
			<key>files</key>
			<array/>
			<key>inputPaths</key>
			<array/>
			<key>isa</key>
			<string>PBXShellScriptBuildPhase</string>
			<key>name</key>
			<string>Copy Pods Resources</string>
			<key>outputPaths</key>
			<array/>
			<key>runOnlyForDeploymentPostprocessing</key>
			<string>0</string>
			<key>shellPath</key>
			<string>/bin/sh</string>
			<key>shellScript</key>
			<string>"${SRCROOT}/Pods/Target Support Files/Pods-FloorPlay/Pods-FloorPlay-resources.sh"
</string>
			<key>showEnvVarsInLog</key>
			<string>0</string>
		</dict>
		<key>DE3319F9E8C0E20CB299A153</key>
		<dict>
			<key>children</key>
			<array>
				<string>E4F53C9FEA3B32093A3DA3A4</string>
				<string>E945C44CC5D8C9F0777B114B</string>
			</array>
			<key>isa</key>
			<string>PBXGroup</string>
			<key>name</key>
			<string>Pods</string>
			<key>sourceTree</key>
			<string>&lt;group&gt;</string>
		</dict>
		<key>E4F53C9FEA3B32093A3DA3A4</key>
		<dict>
			<key>includeInIndex</key>
			<string>1</string>
			<key>isa</key>
			<string>PBXFileReference</string>
			<key>lastKnownFileType</key>
			<string>text.xcconfig</string>
			<key>name</key>
			<string>Pods-FloorPlay.debug.xcconfig</string>
			<key>path</key>
			<string>Pods/Target Support Files/Pods-FloorPlay/Pods-FloorPlay.debug.xcconfig</string>
			<key>sourceTree</key>
			<string>&lt;group&gt;</string>
		</dict>
		<key>E945C44CC5D8C9F0777B114B</key>
		<dict>
			<key>includeInIndex</key>
			<string>1</string>
			<key>isa</key>
			<string>PBXFileReference</string>
			<key>lastKnownFileType</key>
			<string>text.xcconfig</string>
			<key>name</key>
			<string>Pods-FloorPlay.release.xcconfig</string>
			<key>path</key>
			<string>Pods/Target Support Files/Pods-FloorPlay/Pods-FloorPlay.release.xcconfig</string>
			<key>sourceTree</key>
			<string>&lt;group&gt;</string>
		</dict>
	</dict>
	<key>rootObject</key>
	<string>09022ECE1967E998009A8D7E</string>
</dict>
</plist>
