// !$*UTF8*$!
{
	archiveVersion = 1;
	classes = {
	};
	objectVersion = 46;
	objects = {

/* Begin PBXBuildFile section */
		09022EDA1967E998009A8D7E /* Foundation.framework in Frameworks */ = {isa = PBXBuildFile; fileRef = 09022ED91967E998009A8D7E /* Foundation.framework */; };
		09022EDC1967E998009A8D7E /* CoreGraphics.framework in Frameworks */ = {isa = PBXBuildFile; fileRef = 09022EDB1967E998009A8D7E /* CoreGraphics.framework */; };
		09022EDE1967E998009A8D7E /* UIKit.framework in Frameworks */ = {isa = PBXBuildFile; fileRef = 09022EDD1967E998009A8D7E /* UIKit.framework */; };
		09022EE41967E998009A8D7E /* InfoPlist.strings in Resources */ = {isa = PBXBuildFile; fileRef = 09022EE21967E998009A8D7E /* InfoPlist.strings */; };
		09022EE61967E998009A8D7E /* main.m in Sources */ = {isa = PBXBuildFile; fileRef = 09022EE51967E998009A8D7E /* main.m */; };
		09022EFC1967E999009A8D7E /* XCTest.framework in Frameworks */ = {isa = PBXBuildFile; fileRef = 09022EFB1967E999009A8D7E /* XCTest.framework */; };
		09022EFD1967E999009A8D7E /* Foundation.framework in Frameworks */ = {isa = PBXBuildFile; fileRef = 09022ED91967E998009A8D7E /* Foundation.framework */; };
		09022EFE1967E999009A8D7E /* UIKit.framework in Frameworks */ = {isa = PBXBuildFile; fileRef = 09022EDD1967E998009A8D7E /* UIKit.framework */; };
		09022F061967E999009A8D7E /* InfoPlist.strings in Resources */ = {isa = PBXBuildFile; fileRef = 09022F041967E999009A8D7E /* InfoPlist.strings */; };
		09022F081967E999009A8D7E /* FloorPlayTests.m in Sources */ = {isa = PBXBuildFile; fileRef = 09022F071967E999009A8D7E /* FloorPlayTests.m */; };
		09022F381967F1BE009A8D7E /* AppDelegate.m in Sources */ = {isa = PBXBuildFile; fileRef = 09022F121967F1BE009A8D7E /* AppDelegate.m */; };
		09022F391967F1BE009A8D7E /* MainStoryboard_iPhone.storyboard in Resources */ = {isa = PBXBuildFile; fileRef = 09022F131967F1BE009A8D7E /* MainStoryboard_iPhone.storyboard */; };
		09022F3A1967F1BE009A8D7E /* MainStoryboard_iPad.storyboard in Resources */ = {isa = PBXBuildFile; fileRef = 09022F141967F1BE009A8D7E /* MainStoryboard_iPad.storyboard */; };
		09022F3B1967F1BE009A8D7E /* SelectedCategoryViewController.m in Sources */ = {isa = PBXBuildFile; fileRef = 09022F161967F1BE009A8D7E /* SelectedCategoryViewController.m */; };
		09022F3C1967F1BE009A8D7E /* SearchCategoryViewController.m in Sources */ = {isa = PBXBuildFile; fileRef = 09022F181967F1BE009A8D7E /* SearchCategoryViewController.m */; };
		09022F3D1967F1BE009A8D7E /* FBSplitViewController.m in Sources */ = {isa = PBXBuildFile; fileRef = 09022F1A1967F1BE009A8D7E /* FBSplitViewController.m */; };
		09022F3E1967F1BE009A8D7E /* FloorPlayServices.m in Sources */ = {isa = PBXBuildFile; fileRef = 09022F1C1967F1BE009A8D7E /* FloorPlayServices.m */; };
		09022F3F1967F1BE009A8D7E /* FirstViewController.m in Sources */ = {isa = PBXBuildFile; fileRef = 09022F1F1967F1BE009A8D7E /* FirstViewController.m */; };
		09022F401967F1BE009A8D7E /* MasterViewController.m in Sources */ = {isa = PBXBuildFile; fileRef = 09022F211967F1BE009A8D7E /* MasterViewController.m */; };
		09022F411967F1BE009A8D7E /* DetailViewController.m in Sources */ = {isa = PBXBuildFile; fileRef = 09022F231967F1BE009A8D7E /* DetailViewController.m */; };
		09022F421967F1BE009A8D7E /* MainTableViewCell.m in Sources */ = {isa = PBXBuildFile; fileRef = 09022F251967F1BE009A8D7E /* MainTableViewCell.m */; };
		09022F431967F1BE009A8D7E /* FullScreenViewController.m in Sources */ = {isa = PBXBuildFile; fileRef = 09022F271967F1BE009A8D7E /* FullScreenViewController.m */; };
		09022F441967F1BE009A8D7E /* AGQuadControlViewController.m in Sources */ = {isa = PBXBuildFile; fileRef = 09022F291967F1BE009A8D7E /* AGQuadControlViewController.m */; };
		09022F451967F1BE009A8D7E /* UIViewController+OrientationFix.m in Sources */ = {isa = PBXBuildFile; fileRef = 09022F2C1967F1BE009A8D7E /* UIViewController+OrientationFix.m */; };
		09022F461967F1BE009A8D7E /* UIImagePickerController+OrientationFix.m in Sources */ = {isa = PBXBuildFile; fileRef = 09022F2E1967F1BE009A8D7E /* UIImagePickerController+OrientationFix.m */; };
		09022F471967F1BE009A8D7E /* BackgroundImagesViewController.m in Sources */ = {isa = PBXBuildFile; fileRef = 09022F2F1967F1BE009A8D7E /* BackgroundImagesViewController.m */; };
		09022F481967F1BE009A8D7E /* CarpetImagesViewController.m in Sources */ = {isa = PBXBuildFile; fileRef = 09022F311967F1BE009A8D7E /* CarpetImagesViewController.m */; };
		09022F491967F1BE009A8D7E /* ImageData.m in Sources */ = {isa = PBXBuildFile; fileRef = 09022F331967F1BE009A8D7E /* ImageData.m */; };
		09022F4A1967F1BE009A8D7E /* ImagesDataSource.m in Sources */ = {isa = PBXBuildFile; fileRef = 09022F351967F1BE009A8D7E /* ImagesDataSource.m */; };
		09022F4B1967F1BE009A8D7E /* ImagesDataParser.m in Sources */ = {isa = PBXBuildFile; fileRef = 09022F371967F1BE009A8D7E /* ImagesDataParser.m */; };
		09022F511967F758009A8D7E /* StringCategories.m in Sources */ = {isa = PBXBuildFile; fileRef = 09022F4E1967F758009A8D7E /* StringCategories.m */; };
		09022F521967F758009A8D7E /* UIViewControllerCategories.m in Sources */ = {isa = PBXBuildFile; fileRef = 09022F501967F758009A8D7E /* UIViewControllerCategories.m */; };
		09022F551967F79A009A8D7E /* UIImageCategories.m in Sources */ = {isa = PBXBuildFile; fileRef = 09022F541967F79A009A8D7E /* UIImageCategories.m */; };
		099FBA891967FB5E002D3688 /* DefaultBG.jpg in Resources */ = {isa = PBXBuildFile; fileRef = 099FBA761967FB5E002D3688 /* DefaultBG.jpg */; };
		099FBA8A1967FB5E002D3688 /* arrow.png in Resources */ = {isa = PBXBuildFile; fileRef = 099FBA771967FB5E002D3688 /* arrow.png */; };
		099FBA8B1967FB5E002D3688 /* arrow@2x.png in Resources */ = {isa = PBXBuildFile; fileRef = 099FBA781967FB5E002D3688 /* arrow@2x.png */; };
		099FBA8C1967FB5E002D3688 /* controlpoint_h.png in Resources */ = {isa = PBXBuildFile; fileRef = 099FBA791967FB5E002D3688 /* controlpoint_h.png */; };
		099FBA8D1967FB5E002D3688 /* controlpoint.png in Resources */ = {isa = PBXBuildFile; fileRef = 099FBA7A1967FB5E002D3688 /* controlpoint.png */; };
		099FBA8E1967FB5E002D3688 /* crop_sample.png in Resources */ = {isa = PBXBuildFile; fileRef = 099FBA7B1967FB5E002D3688 /* crop_sample.png */; };
		099FBA8F1967FB5E002D3688 /* sampleimg_enhanced.jpg in Resources */ = {isa = PBXBuildFile; fileRef = 099FBA7C1967FB5E002D3688 /* sampleimg_enhanced.jpg */; };
		099FBA901967FB5E002D3688 /* sampleimg.jpg in Resources */ = {isa = PBXBuildFile; fileRef = 099FBA7D1967FB5E002D3688 /* sampleimg.jpg */; };
		099FBA911967FB5E002D3688 /* tabbar_icon.png in Resources */ = {isa = PBXBuildFile; fileRef = 099FBA7E1967FB5E002D3688 /* tabbar_icon.png */; };
		099FBA921967FB5E002D3688 /* arrow_next.png in Resources */ = {isa = PBXBuildFile; fileRef = 099FBA7F1967FB5E002D3688 /* arrow_next.png */; };
		099FBA931967FB5E002D3688 /* arrow_prev.png in Resources */ = {isa = PBXBuildFile; fileRef = 099FBA801967FB5E002D3688 /* arrow_prev.png */; };
		099FBA941967FB5E002D3688 /* navBarBtn.png in Resources */ = {isa = PBXBuildFile; fileRef = 099FBA811967FB5E002D3688 /* navBarBtn.png */; };
		099FBA951967FB5E002D3688 /* textViewBG.png in Resources */ = {isa = PBXBuildFile; fileRef = 099FBA821967FB5E002D3688 /* textViewBG.png */; };
		099FBA961967FB5E002D3688 /* exitFuillScreen.jpg in Resources */ = {isa = PBXBuildFile; fileRef = 099FBA831967FB5E002D3688 /* exitFuillScreen.jpg */; };
		099FBA971967FB5E002D3688 /* fullscreen.png in Resources */ = {isa = PBXBuildFile; fileRef = 099FBA841967FB5E002D3688 /* fullscreen.png */; };
		099FBA981967FB5E002D3688 /* fullScreen.jpg in Resources */ = {isa = PBXBuildFile; fileRef = 099FBA851967FB5E002D3688 /* fullScreen.jpg */; };
		099FBA991967FB5E002D3688 /* Topbar.png in Resources */ = {isa = PBXBuildFile; fileRef = 099FBA861967FB5E002D3688 /* Topbar.png */; };
		099FBA9A1967FB5E002D3688 /* btn_Signin.png in Resources */ = {isa = PBXBuildFile; fileRef = 099FBA871967FB5E002D3688 /* btn_Signin.png */; };
		099FBA9B1967FB5E002D3688 /* logo.bmp in Resources */ = {isa = PBXBuildFile; fileRef = 099FBA881967FB5E002D3688 /* logo.bmp */; };
		099FBA9F19680919002D3688 /* FPAFNetworking.m in Sources */ = {isa = PBXBuildFile; fileRef = 099FBA9E19680919002D3688 /* FPAFNetworking.m */; };
		613D0C985886468185D016EB /* libPods-FloorPlay.a in Frameworks */ = {isa = PBXBuildFile; fileRef = 107E4B76031F406EAD671FAC /* libPods-FloorPlay.a */; };
/* End PBXBuildFile section */

/* Begin PBXContainerItemProxy section */
		09022EFF1967E999009A8D7E /* PBXContainerItemProxy */ = {
			isa = PBXContainerItemProxy;
			containerPortal = 09022ECE1967E998009A8D7E /* Project object */;
			proxyType = 1;
			remoteGlobalIDString = 09022ED51967E998009A8D7E;
			remoteInfo = FloorPlay;
		};
/* End PBXContainerItemProxy section */

/* Begin PBXFileReference section */
		09022ED61967E998009A8D7E /* FloorPlay.app */ = {isa = PBXFileReference; explicitFileType = wrapper.application; includeInIndex = 0; path = FloorPlay.app; sourceTree = BUILT_PRODUCTS_DIR; };
		09022ED91967E998009A8D7E /* Foundation.framework */ = {isa = PBXFileReference; lastKnownFileType = wrapper.framework; name = Foundation.framework; path = System/Library/Frameworks/Foundation.framework; sourceTree = SDKROOT; };
		09022EDB1967E998009A8D7E /* CoreGraphics.framework */ = {isa = PBXFileReference; lastKnownFileType = wrapper.framework; name = CoreGraphics.framework; path = System/Library/Frameworks/CoreGraphics.framework; sourceTree = SDKROOT; };
		09022EDD1967E998009A8D7E /* UIKit.framework */ = {isa = PBXFileReference; lastKnownFileType = wrapper.framework; name = UIKit.framework; path = System/Library/Frameworks/UIKit.framework; sourceTree = SDKROOT; };
		09022EE11967E998009A8D7E /* FloorPlay-Info.plist */ = {isa = PBXFileReference; lastKnownFileType = text.plist.xml; path = "FloorPlay-Info.plist"; sourceTree = "<group>"; };
		09022EE31967E998009A8D7E /* en */ = {isa = PBXFileReference; lastKnownFileType = text.plist.strings; name = en; path = en.lproj/InfoPlist.strings; sourceTree = "<group>"; };
		09022EE51967E998009A8D7E /* main.m */ = {isa = PBXFileReference; lastKnownFileType = sourcecode.c.objc; path = main.m; sourceTree = "<group>"; };
		09022EE71967E998009A8D7E /* FloorPlay-Prefix.pch */ = {isa = PBXFileReference; lastKnownFileType = sourcecode.c.h; path = "FloorPlay-Prefix.pch"; sourceTree = "<group>"; };
		09022EFA1967E999009A8D7E /* FloorPlayTests.xctest */ = {isa = PBXFileReference; explicitFileType = wrapper.cfbundle; includeInIndex = 0; path = FloorPlayTests.xctest; sourceTree = BUILT_PRODUCTS_DIR; };
		09022EFB1967E999009A8D7E /* XCTest.framework */ = {isa = PBXFileReference; lastKnownFileType = wrapper.framework; name = XCTest.framework; path = Library/Frameworks/XCTest.framework; sourceTree = DEVELOPER_DIR; };
		09022F031967E999009A8D7E /* FloorPlayTests-Info.plist */ = {isa = PBXFileReference; lastKnownFileType = text.plist.xml; path = "FloorPlayTests-Info.plist"; sourceTree = "<group>"; };
		09022F051967E999009A8D7E /* en */ = {isa = PBXFileReference; lastKnownFileType = text.plist.strings; name = en; path = en.lproj/InfoPlist.strings; sourceTree = "<group>"; };
		09022F071967E999009A8D7E /* FloorPlayTests.m */ = {isa = PBXFileReference; lastKnownFileType = sourcecode.c.objc; path = FloorPlayTests.m; sourceTree = "<group>"; };
		09022F111967F1BE009A8D7E /* AppDelegate.h */ = {isa = PBXFileReference; fileEncoding = 4; lastKnownFileType = sourcecode.c.h; path = AppDelegate.h; sourceTree = "<group>"; };
		09022F121967F1BE009A8D7E /* AppDelegate.m */ = {isa = PBXFileReference; fileEncoding = 4; lastKnownFileType = sourcecode.c.objc; path = AppDelegate.m; sourceTree = "<group>"; };
		09022F131967F1BE009A8D7E /* MainStoryboard_iPhone.storyboard */ = {isa = PBXFileReference; fileEncoding = 4; lastKnownFileType = file.storyboard; path = MainStoryboard_iPhone.storyboard; sourceTree = "<group>"; };
		09022F141967F1BE009A8D7E /* MainStoryboard_iPad.storyboard */ = {isa = PBXFileReference; fileEncoding = 4; lastKnownFileType = file.storyboard; path = MainStoryboard_iPad.storyboard; sourceTree = "<group>"; };
		09022F151967F1BE009A8D7E /* SelectedCategoryViewController.h */ = {isa = PBXFileReference; fileEncoding = 4; lastKnownFileType = sourcecode.c.h; path = SelectedCategoryViewController.h; sourceTree = "<group>"; };
		09022F161967F1BE009A8D7E /* SelectedCategoryViewController.m */ = {isa = PBXFileReference; fileEncoding = 4; lastKnownFileType = sourcecode.c.objc; path = SelectedCategoryViewController.m; sourceTree = "<group>"; };
		09022F171967F1BE009A8D7E /* SearchCategoryViewController.h */ = {isa = PBXFileReference; fileEncoding = 4; lastKnownFileType = sourcecode.c.h; path = SearchCategoryViewController.h; sourceTree = "<group>"; };
		09022F181967F1BE009A8D7E /* SearchCategoryViewController.m */ = {isa = PBXFileReference; fileEncoding = 4; lastKnownFileType = sourcecode.c.objc; path = SearchCategoryViewController.m; sourceTree = "<group>"; };
		09022F191967F1BE009A8D7E /* FBSplitViewController.h */ = {isa = PBXFileReference; fileEncoding = 4; lastKnownFileType = sourcecode.c.h; path = FBSplitViewController.h; sourceTree = "<group>"; };
		09022F1A1967F1BE009A8D7E /* FBSplitViewController.m */ = {isa = PBXFileReference; fileEncoding = 4; lastKnownFileType = sourcecode.c.objc; path = FBSplitViewController.m; sourceTree = "<group>"; };
		09022F1B1967F1BE009A8D7E /* FloorPlayServices.h */ = {isa = PBXFileReference; fileEncoding = 4; lastKnownFileType = sourcecode.c.h; path = FloorPlayServices.h; sourceTree = "<group>"; };
		09022F1C1967F1BE009A8D7E /* FloorPlayServices.m */ = {isa = PBXFileReference; fileEncoding = 4; lastKnownFileType = sourcecode.c.objc; path = FloorPlayServices.m; sourceTree = "<group>"; };
		09022F1D1967F1BE009A8D7E /* Constants.h */ = {isa = PBXFileReference; fileEncoding = 4; lastKnownFileType = sourcecode.c.h; path = Constants.h; sourceTree = "<group>"; };
		09022F1E1967F1BE009A8D7E /* FirstViewController.h */ = {isa = PBXFileReference; fileEncoding = 4; lastKnownFileType = sourcecode.c.h; path = FirstViewController.h; sourceTree = "<group>"; };
		09022F1F1967F1BE009A8D7E /* FirstViewController.m */ = {isa = PBXFileReference; fileEncoding = 4; lastKnownFileType = sourcecode.c.objc; path = FirstViewController.m; sourceTree = "<group>"; };
		09022F201967F1BE009A8D7E /* MasterViewController.h */ = {isa = PBXFileReference; fileEncoding = 4; lastKnownFileType = sourcecode.c.h; path = MasterViewController.h; sourceTree = "<group>"; };
		09022F211967F1BE009A8D7E /* MasterViewController.m */ = {isa = PBXFileReference; fileEncoding = 4; lastKnownFileType = sourcecode.c.objc; path = MasterViewController.m; sourceTree = "<group>"; };
		09022F221967F1BE009A8D7E /* DetailViewController.h */ = {isa = PBXFileReference; fileEncoding = 4; lastKnownFileType = sourcecode.c.h; path = DetailViewController.h; sourceTree = "<group>"; };
		09022F231967F1BE009A8D7E /* DetailViewController.m */ = {isa = PBXFileReference; fileEncoding = 4; lastKnownFileType = sourcecode.c.objc; path = DetailViewController.m; sourceTree = "<group>"; };
		09022F241967F1BE009A8D7E /* MainTableViewCell.h */ = {isa = PBXFileReference; fileEncoding = 4; lastKnownFileType = sourcecode.c.h; path = MainTableViewCell.h; sourceTree = "<group>"; };
		09022F251967F1BE009A8D7E /* MainTableViewCell.m */ = {isa = PBXFileReference; fileEncoding = 4; lastKnownFileType = sourcecode.c.objc; path = MainTableViewCell.m; sourceTree = "<group>"; };
		09022F261967F1BE009A8D7E /* FullScreenViewController.h */ = {isa = PBXFileReference; fileEncoding = 4; lastKnownFileType = sourcecode.c.h; path = FullScreenViewController.h; sourceTree = "<group>"; };
		09022F271967F1BE009A8D7E /* FullScreenViewController.m */ = {isa = PBXFileReference; fileEncoding = 4; lastKnownFileType = sourcecode.c.objc; path = FullScreenViewController.m; sourceTree = "<group>"; };
		09022F281967F1BE009A8D7E /* AGQuadControlViewController.h */ = {isa = PBXFileReference; fileEncoding = 4; lastKnownFileType = sourcecode.c.h; path = AGQuadControlViewController.h; sourceTree = "<group>"; };
		09022F291967F1BE009A8D7E /* AGQuadControlViewController.m */ = {isa = PBXFileReference; fileEncoding = 4; lastKnownFileType = sourcecode.c.objc; path = AGQuadControlViewController.m; sourceTree = "<group>"; };
		09022F2A1967F1BE009A8D7E /* BackgroundImagesViewController.h */ = {isa = PBXFileReference; fileEncoding = 4; lastKnownFileType = sourcecode.c.h; path = BackgroundImagesViewController.h; sourceTree = "<group>"; };
		09022F2B1967F1BE009A8D7E /* UIViewController+OrientationFix.h */ = {isa = PBXFileReference; fileEncoding = 4; lastKnownFileType = sourcecode.c.h; path = "UIViewController+OrientationFix.h"; sourceTree = "<group>"; };
		09022F2C1967F1BE009A8D7E /* UIViewController+OrientationFix.m */ = {isa = PBXFileReference; fileEncoding = 4; lastKnownFileType = sourcecode.c.objc; path = "UIViewController+OrientationFix.m"; sourceTree = "<group>"; };
		09022F2D1967F1BE009A8D7E /* UIImagePickerController+OrientationFix.h */ = {isa = PBXFileReference; fileEncoding = 4; lastKnownFileType = sourcecode.c.h; path = "UIImagePickerController+OrientationFix.h"; sourceTree = "<group>"; };
		09022F2E1967F1BE009A8D7E /* UIImagePickerController+OrientationFix.m */ = {isa = PBXFileReference; fileEncoding = 4; lastKnownFileType = sourcecode.c.objc; path = "UIImagePickerController+OrientationFix.m"; sourceTree = "<group>"; };
		09022F2F1967F1BE009A8D7E /* BackgroundImagesViewController.m */ = {isa = PBXFileReference; fileEncoding = 4; lastKnownFileType = sourcecode.c.objc; path = BackgroundImagesViewController.m; sourceTree = "<group>"; };
		09022F301967F1BE009A8D7E /* CarpetImagesViewController.h */ = {isa = PBXFileReference; fileEncoding = 4; lastKnownFileType = sourcecode.c.h; path = CarpetImagesViewController.h; sourceTree = "<group>"; };
		09022F311967F1BE009A8D7E /* CarpetImagesViewController.m */ = {isa = PBXFileReference; fileEncoding = 4; lastKnownFileType = sourcecode.c.objc; path = CarpetImagesViewController.m; sourceTree = "<group>"; };
		09022F321967F1BE009A8D7E /* ImageData.h */ = {isa = PBXFileReference; fileEncoding = 4; lastKnownFileType = sourcecode.c.h; path = ImageData.h; sourceTree = "<group>"; };
		09022F331967F1BE009A8D7E /* ImageData.m */ = {isa = PBXFileReference; fileEncoding = 4; lastKnownFileType = sourcecode.c.objc; path = ImageData.m; sourceTree = "<group>"; };
		09022F341967F1BE009A8D7E /* ImagesDataSource.h */ = {isa = PBXFileReference; fileEncoding = 4; lastKnownFileType = sourcecode.c.h; path = ImagesDataSource.h; sourceTree = "<group>"; };
		09022F351967F1BE009A8D7E /* ImagesDataSource.m */ = {isa = PBXFileReference; fileEncoding = 4; lastKnownFileType = sourcecode.c.objc; path = ImagesDataSource.m; sourceTree = "<group>"; };
		09022F361967F1BE009A8D7E /* ImagesDataParser.h */ = {isa = PBXFileReference; fileEncoding = 4; lastKnownFileType = sourcecode.c.h; path = ImagesDataParser.h; sourceTree = "<group>"; };
		09022F371967F1BE009A8D7E /* ImagesDataParser.m */ = {isa = PBXFileReference; fileEncoding = 4; lastKnownFileType = sourcecode.c.objc; path = ImagesDataParser.m; sourceTree = "<group>"; };
		09022F4D1967F758009A8D7E /* StringCategories.h */ = {isa = PBXFileReference; fileEncoding = 4; lastKnownFileType = sourcecode.c.h; path = StringCategories.h; sourceTree = "<group>"; };
		09022F4E1967F758009A8D7E /* StringCategories.m */ = {isa = PBXFileReference; fileEncoding = 4; lastKnownFileType = sourcecode.c.objc; path = StringCategories.m; sourceTree = "<group>"; };
		09022F4F1967F758009A8D7E /* UIViewControllerCategories.h */ = {isa = PBXFileReference; fileEncoding = 4; lastKnownFileType = sourcecode.c.h; path = UIViewControllerCategories.h; sourceTree = "<group>"; };
		09022F501967F758009A8D7E /* UIViewControllerCategories.m */ = {isa = PBXFileReference; fileEncoding = 4; lastKnownFileType = sourcecode.c.objc; path = UIViewControllerCategories.m; sourceTree = "<group>"; };
		09022F531967F79A009A8D7E /* UIImageCategories.h */ = {isa = PBXFileReference; fileEncoding = 4; lastKnownFileType = sourcecode.c.h; path = UIImageCategories.h; sourceTree = "<group>"; };
		09022F541967F79A009A8D7E /* UIImageCategories.m */ = {isa = PBXFileReference; fileEncoding = 4; lastKnownFileType = sourcecode.c.objc; path = UIImageCategories.m; sourceTree = "<group>"; };
		099FBA761967FB5E002D3688 /* DefaultBG.jpg */ = {isa = PBXFileReference; lastKnownFileType = image.jpeg; path = DefaultBG.jpg; sourceTree = "<group>"; };
		099FBA771967FB5E002D3688 /* arrow.png */ = {isa = PBXFileReference; lastKnownFileType = image.png; path = arrow.png; sourceTree = "<group>"; };
		099FBA781967FB5E002D3688 /* arrow@2x.png */ = {isa = PBXFileReference; lastKnownFileType = image.png; path = "arrow@2x.png"; sourceTree = "<group>"; };
		099FBA791967FB5E002D3688 /* controlpoint_h.png */ = {isa = PBXFileReference; lastKnownFileType = image.png; path = controlpoint_h.png; sourceTree = "<group>"; };
		099FBA7A1967FB5E002D3688 /* controlpoint.png */ = {isa = PBXFileReference; lastKnownFileType = image.png; path = controlpoint.png; sourceTree = "<group>"; };
		099FBA7B1967FB5E002D3688 /* crop_sample.png */ = {isa = PBXFileReference; lastKnownFileType = image.png; path = crop_sample.png; sourceTree = "<group>"; };
		099FBA7C1967FB5E002D3688 /* sampleimg_enhanced.jpg */ = {isa = PBXFileReference; lastKnownFileType = image.jpeg; path = sampleimg_enhanced.jpg; sourceTree = "<group>"; };
		099FBA7D1967FB5E002D3688 /* sampleimg.jpg */ = {isa = PBXFileReference; lastKnownFileType = image.jpeg; path = sampleimg.jpg; sourceTree = "<group>"; };
		099FBA7E1967FB5E002D3688 /* tabbar_icon.png */ = {isa = PBXFileReference; lastKnownFileType = image.png; path = tabbar_icon.png; sourceTree = "<group>"; };
		099FBA7F1967FB5E002D3688 /* arrow_next.png */ = {isa = PBXFileReference; lastKnownFileType = image.png; path = arrow_next.png; sourceTree = "<group>"; };
		099FBA801967FB5E002D3688 /* arrow_prev.png */ = {isa = PBXFileReference; lastKnownFileType = image.png; path = arrow_prev.png; sourceTree = "<group>"; };
		099FBA811967FB5E002D3688 /* navBarBtn.png */ = {isa = PBXFileReference; lastKnownFileType = image.png; path = navBarBtn.png; sourceTree = "<group>"; };
		099FBA821967FB5E002D3688 /* textViewBG.png */ = {isa = PBXFileReference; lastKnownFileType = image.png; path = textViewBG.png; sourceTree = "<group>"; };
		099FBA831967FB5E002D3688 /* exitFuillScreen.jpg */ = {isa = PBXFileReference; lastKnownFileType = image.jpeg; path = exitFuillScreen.jpg; sourceTree = "<group>"; };
		099FBA841967FB5E002D3688 /* fullscreen.png */ = {isa = PBXFileReference; lastKnownFileType = image.png; path = fullscreen.png; sourceTree = "<group>"; };
		099FBA851967FB5E002D3688 /* fullScreen.jpg */ = {isa = PBXFileReference; lastKnownFileType = image.jpeg; path = fullScreen.jpg; sourceTree = "<group>"; };
		099FBA861967FB5E002D3688 /* Topbar.png */ = {isa = PBXFileReference; lastKnownFileType = image.png; path = Topbar.png; sourceTree = "<group>"; };
		099FBA871967FB5E002D3688 /* btn_Signin.png */ = {isa = PBXFileReference; lastKnownFileType = image.png; path = btn_Signin.png; sourceTree = "<group>"; };
		099FBA881967FB5E002D3688 /* logo.bmp */ = {isa = PBXFileReference; lastKnownFileType = image.bmp; path = logo.bmp; sourceTree = "<group>"; };
		099FBA9D19680919002D3688 /* FPAFNetworking.h */ = {isa = PBXFileReference; fileEncoding = 4; lastKnownFileType = sourcecode.c.h; path = FPAFNetworking.h; sourceTree = "<group>"; };
		099FBA9E19680919002D3688 /* FPAFNetworking.m */ = {isa = PBXFileReference; fileEncoding = 4; lastKnownFileType = sourcecode.c.objc; path = FPAFNetworking.m; sourceTree = "<group>"; };
		107E4B76031F406EAD671FAC /* libPods-FloorPlay.a */ = {isa = PBXFileReference; explicitFileType = archive.ar; includeInIndex = 0; path = "libPods-FloorPlay.a"; sourceTree = BUILT_PRODUCTS_DIR; };
		89379E1B457C4CDA9A96745A /* Pods-FloorPlay.xcconfig */ = {isa = PBXFileReference; includeInIndex = 1; lastKnownFileType = text.xcconfig; name = "Pods-FloorPlay.xcconfig"; path = "Pods/Pods-FloorPlay.xcconfig"; sourceTree = "<group>"; };
/* End PBXFileReference section */

/* Begin PBXFrameworksBuildPhase section */
		09022ED31967E998009A8D7E /* Frameworks */ = {
			isa = PBXFrameworksBuildPhase;
			buildActionMask = 2147483647;
			files = (
				09022EDC1967E998009A8D7E /* CoreGraphics.framework in Frameworks */,
				09022EDE1967E998009A8D7E /* UIKit.framework in Frameworks */,
				09022EDA1967E998009A8D7E /* Foundation.framework in Frameworks */,
				613D0C985886468185D016EB /* libPods-FloorPlay.a in Frameworks */,
			);
			runOnlyForDeploymentPostprocessing = 0;
		};
		09022EF71967E999009A8D7E /* Frameworks */ = {
			isa = PBXFrameworksBuildPhase;
			buildActionMask = 2147483647;
			files = (
				09022EFC1967E999009A8D7E /* XCTest.framework in Frameworks */,
				09022EFE1967E999009A8D7E /* UIKit.framework in Frameworks */,
				09022EFD1967E999009A8D7E /* Foundation.framework in Frameworks */,
			);
			runOnlyForDeploymentPostprocessing = 0;
		};
/* End PBXFrameworksBuildPhase section */

/* Begin PBXGroup section */
		09022ECD1967E998009A8D7E = {
			isa = PBXGroup;
			children = (
				09022EDF1967E998009A8D7E /* FloorPlay */,
				09022F011967E999009A8D7E /* FloorPlayTests */,
				09022ED81967E998009A8D7E /* Frameworks */,
				09022ED71967E998009A8D7E /* Products */,
				89379E1B457C4CDA9A96745A /* Pods-FloorPlay.xcconfig */,
			);
			sourceTree = "<group>";
		};
		09022ED71967E998009A8D7E /* Products */ = {
			isa = PBXGroup;
			children = (
				09022ED61967E998009A8D7E /* FloorPlay.app */,
				09022EFA1967E999009A8D7E /* FloorPlayTests.xctest */,
			);
			name = Products;
			sourceTree = "<group>";
		};
		09022ED81967E998009A8D7E /* Frameworks */ = {
			isa = PBXGroup;
			children = (
				09022ED91967E998009A8D7E /* Foundation.framework */,
				09022EDB1967E998009A8D7E /* CoreGraphics.framework */,
				09022EDD1967E998009A8D7E /* UIKit.framework */,
				09022EFB1967E999009A8D7E /* XCTest.framework */,
				107E4B76031F406EAD671FAC /* libPods-FloorPlay.a */,
			);
			name = Frameworks;
			sourceTree = "<group>";
		};
		09022EDF1967E998009A8D7E /* FloorPlay */ = {
			isa = PBXGroup;
			children = (
				099FBA9C196808A2002D3688 /* Services */,
				09022F111967F1BE009A8D7E /* AppDelegate.h */,
				09022F121967F1BE009A8D7E /* AppDelegate.m */,
				09022F131967F1BE009A8D7E /* MainStoryboard_iPhone.storyboard */,
				09022F141967F1BE009A8D7E /* MainStoryboard_iPad.storyboard */,
				09022F151967F1BE009A8D7E /* SelectedCategoryViewController.h */,
				09022F161967F1BE009A8D7E /* SelectedCategoryViewController.m */,
				09022F171967F1BE009A8D7E /* SearchCategoryViewController.h */,
				09022F181967F1BE009A8D7E /* SearchCategoryViewController.m */,
				09022F191967F1BE009A8D7E /* FBSplitViewController.h */,
				09022F1A1967F1BE009A8D7E /* FBSplitViewController.m */,
				09022F1D1967F1BE009A8D7E /* Constants.h */,
				09022F1E1967F1BE009A8D7E /* FirstViewController.h */,
				09022F1F1967F1BE009A8D7E /* FirstViewController.m */,
				09022F201967F1BE009A8D7E /* MasterViewController.h */,
				09022F211967F1BE009A8D7E /* MasterViewController.m */,
				09022F221967F1BE009A8D7E /* DetailViewController.h */,
				09022F231967F1BE009A8D7E /* DetailViewController.m */,
				09022F241967F1BE009A8D7E /* MainTableViewCell.h */,
				09022F251967F1BE009A8D7E /* MainTableViewCell.m */,
				09022F261967F1BE009A8D7E /* FullScreenViewController.h */,
				09022F271967F1BE009A8D7E /* FullScreenViewController.m */,
				09022F281967F1BE009A8D7E /* AGQuadControlViewController.h */,
				09022F291967F1BE009A8D7E /* AGQuadControlViewController.m */,
				09022F2A1967F1BE009A8D7E /* BackgroundImagesViewController.h */,
				09022F2B1967F1BE009A8D7E /* UIViewController+OrientationFix.h */,
				09022F2C1967F1BE009A8D7E /* UIViewController+OrientationFix.m */,
				09022F2D1967F1BE009A8D7E /* UIImagePickerController+OrientationFix.h */,
				09022F2E1967F1BE009A8D7E /* UIImagePickerController+OrientationFix.m */,
				09022F2F1967F1BE009A8D7E /* BackgroundImagesViewController.m */,
				09022F301967F1BE009A8D7E /* CarpetImagesViewController.h */,
				09022F311967F1BE009A8D7E /* CarpetImagesViewController.m */,
				09022F321967F1BE009A8D7E /* ImageData.h */,
				09022F331967F1BE009A8D7E /* ImageData.m */,
				09022F341967F1BE009A8D7E /* ImagesDataSource.h */,
				09022F351967F1BE009A8D7E /* ImagesDataSource.m */,
				09022F361967F1BE009A8D7E /* ImagesDataParser.h */,
				09022F371967F1BE009A8D7E /* ImagesDataParser.m */,
				099FBA751967FB4B002D3688 /* Images */,
				09022F4C1967F746009A8D7E /* Categories */,
				09022EE01967E998009A8D7E /* Supporting Files */,
			);
			path = FloorPlay;
			sourceTree = "<group>";
		};
		09022EE01967E998009A8D7E /* Supporting Files */ = {
			isa = PBXGroup;
			children = (
				09022EE11967E998009A8D7E /* FloorPlay-Info.plist */,
				09022EE21967E998009A8D7E /* InfoPlist.strings */,
				09022EE51967E998009A8D7E /* main.m */,
				09022EE71967E998009A8D7E /* FloorPlay-Prefix.pch */,
			);
			name = "Supporting Files";
			sourceTree = "<group>";
		};
		09022F011967E999009A8D7E /* FloorPlayTests */ = {
			isa = PBXGroup;
			children = (
				09022F071967E999009A8D7E /* FloorPlayTests.m */,
				09022F021967E999009A8D7E /* Supporting Files */,
			);
			path = FloorPlayTests;
			sourceTree = "<group>";
		};
		09022F021967E999009A8D7E /* Supporting Files */ = {
			isa = PBXGroup;
			children = (
				09022F031967E999009A8D7E /* FloorPlayTests-Info.plist */,
				09022F041967E999009A8D7E /* InfoPlist.strings */,
			);
			name = "Supporting Files";
			sourceTree = "<group>";
		};
		09022F4C1967F746009A8D7E /* Categories */ = {
			isa = PBXGroup;
			children = (
				09022F531967F79A009A8D7E /* UIImageCategories.h */,
				09022F541967F79A009A8D7E /* UIImageCategories.m */,
				09022F4D1967F758009A8D7E /* StringCategories.h */,
				09022F4E1967F758009A8D7E /* StringCategories.m */,
				09022F4F1967F758009A8D7E /* UIViewControllerCategories.h */,
				09022F501967F758009A8D7E /* UIViewControllerCategories.m */,
			);
			name = Categories;
			sourceTree = "<group>";
		};
		099FBA751967FB4B002D3688 /* Images */ = {
			isa = PBXGroup;
			children = (
				099FBA761967FB5E002D3688 /* DefaultBG.jpg */,
				099FBA771967FB5E002D3688 /* arrow.png */,
				099FBA781967FB5E002D3688 /* arrow@2x.png */,
				099FBA791967FB5E002D3688 /* controlpoint_h.png */,
				099FBA7A1967FB5E002D3688 /* controlpoint.png */,
				099FBA7B1967FB5E002D3688 /* crop_sample.png */,
				099FBA7C1967FB5E002D3688 /* sampleimg_enhanced.jpg */,
				099FBA7D1967FB5E002D3688 /* sampleimg.jpg */,
				099FBA7E1967FB5E002D3688 /* tabbar_icon.png */,
				099FBA7F1967FB5E002D3688 /* arrow_next.png */,
				099FBA801967FB5E002D3688 /* arrow_prev.png */,
				099FBA811967FB5E002D3688 /* navBarBtn.png */,
				099FBA821967FB5E002D3688 /* textViewBG.png */,
				099FBA831967FB5E002D3688 /* exitFuillScreen.jpg */,
				099FBA841967FB5E002D3688 /* fullscreen.png */,
				099FBA851967FB5E002D3688 /* fullScreen.jpg */,
				099FBA861967FB5E002D3688 /* Topbar.png */,
				099FBA871967FB5E002D3688 /* btn_Signin.png */,
				099FBA881967FB5E002D3688 /* logo.bmp */,
			);
			name = Images;
			sourceTree = "<group>";
		};
		099FBA9C196808A2002D3688 /* Services */ = {
			isa = PBXGroup;
			children = (
				09022F1B1967F1BE009A8D7E /* FloorPlayServices.h */,
				09022F1C1967F1BE009A8D7E /* FloorPlayServices.m */,
				099FBA9D19680919002D3688 /* FPAFNetworking.h */,
				099FBA9E19680919002D3688 /* FPAFNetworking.m */,
			);
			name = Services;
			sourceTree = "<group>";
		};
/* End PBXGroup section */

/* Begin PBXNativeTarget section */
		09022ED51967E998009A8D7E /* FloorPlay */ = {
			isa = PBXNativeTarget;
			buildConfigurationList = 09022F0B1967E999009A8D7E /* Build configuration list for PBXNativeTarget "FloorPlay" */;
			buildPhases = (
				3A3BD4FE10F3400781DC1D61 /* Check Pods Manifest.lock */,
				09022ED21967E998009A8D7E /* Sources */,
				09022ED31967E998009A8D7E /* Frameworks */,
				09022ED41967E998009A8D7E /* Resources */,
				6484F6F5CD8748078E035A38 /* Copy Pods Resources */,
			);
			buildRules = (
			);
			dependencies = (
			);
			name = FloorPlay;
			productName = FloorPlay;
			productReference = 09022ED61967E998009A8D7E /* FloorPlay.app */;
			productType = "com.apple.product-type.application";
		};
		09022EF91967E999009A8D7E /* FloorPlayTests */ = {
			isa = PBXNativeTarget;
			buildConfigurationList = 09022F0E1967E999009A8D7E /* Build configuration list for PBXNativeTarget "FloorPlayTests" */;
			buildPhases = (
				09022EF61967E999009A8D7E /* Sources */,
				09022EF71967E999009A8D7E /* Frameworks */,
				09022EF81967E999009A8D7E /* Resources */,
			);
			buildRules = (
			);
			dependencies = (
				09022F001967E999009A8D7E /* PBXTargetDependency */,
			);
			name = FloorPlayTests;
			productName = FloorPlayTests;
			productReference = 09022EFA1967E999009A8D7E /* FloorPlayTests.xctest */;
			productType = "com.apple.product-type.bundle.unit-test";
		};
/* End PBXNativeTarget section */

/* Begin PBXProject section */
		09022ECE1967E998009A8D7E /* Project object */ = {
			isa = PBXProject;
			attributes = {
				LastUpgradeCheck = 0510;
				ORGANIZATIONNAME = "Vikas Kumar";
				TargetAttributes = {
					09022EF91967E999009A8D7E = {
						TestTargetID = 09022ED51967E998009A8D7E;
					};
				};
			};
			buildConfigurationList = 09022ED11967E998009A8D7E /* Build configuration list for PBXProject "FloorPlay" */;
			compatibilityVersion = "Xcode 3.2";
			developmentRegion = English;
			hasScannedForEncodings = 0;
			knownRegions = (
				en,
				Base,
			);
			mainGroup = 09022ECD1967E998009A8D7E;
			productRefGroup = 09022ED71967E998009A8D7E /* Products */;
			projectDirPath = "";
			projectRoot = "";
			targets = (
				09022ED51967E998009A8D7E /* FloorPlay */,
				09022EF91967E999009A8D7E /* FloorPlayTests */,
			);
		};
/* End PBXProject section */

/* Begin PBXResourcesBuildPhase section */
		09022ED41967E998009A8D7E /* Resources */ = {
			isa = PBXResourcesBuildPhase;
			buildActionMask = 2147483647;
			files = (
				09022F3A1967F1BE009A8D7E /* MainStoryboard_iPad.storyboard in Resources */,
				099FBA9A1967FB5E002D3688 /* btn_Signin.png in Resources */,
				099FBA901967FB5E002D3688 /* sampleimg.jpg in Resources */,
				099FBA911967FB5E002D3688 /* tabbar_icon.png in Resources */,
				099FBA8F1967FB5E002D3688 /* sampleimg_enhanced.jpg in Resources */,
				09022F391967F1BE009A8D7E /* MainStoryboard_iPhone.storyboard in Resources */,
				099FBA9B1967FB5E002D3688 /* logo.bmp in Resources */,
				099FBA961967FB5E002D3688 /* exitFuillScreen.jpg in Resources */,
				099FBA8C1967FB5E002D3688 /* controlpoint_h.png in Resources */,
				099FBA8B1967FB5E002D3688 /* arrow@2x.png in Resources */,
				099FBA971967FB5E002D3688 /* fullscreen.png in Resources */,
				099FBA921967FB5E002D3688 /* arrow_next.png in Resources */,
				099FBA941967FB5E002D3688 /* navBarBtn.png in Resources */,
				099FBA891967FB5E002D3688 /* DefaultBG.jpg in Resources */,
				099FBA951967FB5E002D3688 /* textViewBG.png in Resources */,
				099FBA991967FB5E002D3688 /* Topbar.png in Resources */,
				099FBA8A1967FB5E002D3688 /* arrow.png in Resources */,
				099FBA8D1967FB5E002D3688 /* controlpoint.png in Resources */,
				099FBA8E1967FB5E002D3688 /* crop_sample.png in Resources */,
				099FBA931967FB5E002D3688 /* arrow_prev.png in Resources */,
				09022EE41967E998009A8D7E /* InfoPlist.strings in Resources */,
				099FBA981967FB5E002D3688 /* fullScreen.jpg in Resources */,
			);
			runOnlyForDeploymentPostprocessing = 0;
		};
		09022EF81967E999009A8D7E /* Resources */ = {
			isa = PBXResourcesBuildPhase;
			buildActionMask = 2147483647;
			files = (
				09022F061967E999009A8D7E /* InfoPlist.strings in Resources */,
			);
			runOnlyForDeploymentPostprocessing = 0;
		};
/* End PBXResourcesBuildPhase section */

/* Begin PBXShellScriptBuildPhase section */
		3A3BD4FE10F3400781DC1D61 /* Check Pods Manifest.lock */ = {
			isa = PBXShellScriptBuildPhase;
			buildActionMask = 2147483647;
			files = (
			);
			inputPaths = (
			);
			name = "Check Pods Manifest.lock";
			outputPaths = (
			);
			runOnlyForDeploymentPostprocessing = 0;
			shellPath = /bin/sh;
			shellScript = "diff \"${PODS_ROOT}/../Podfile.lock\" \"${PODS_ROOT}/Manifest.lock\" > /dev/null\nif [[ $? != 0 ]] ; then\n    cat << EOM\nerror: The sandbox is not in sync with the Podfile.lock. Run 'pod install' or update your CocoaPods installation.\nEOM\n    exit 1\nfi\n";
			showEnvVarsInLog = 0;
		};
		6484F6F5CD8748078E035A38 /* Copy Pods Resources */ = {
			isa = PBXShellScriptBuildPhase;
			buildActionMask = 2147483647;
			files = (
			);
			inputPaths = (
			);
			name = "Copy Pods Resources";
			outputPaths = (
			);
			runOnlyForDeploymentPostprocessing = 0;
			shellPath = /bin/sh;
			shellScript = "\"${SRCROOT}/Pods/Pods-FloorPlay-resources.sh\"\n";
			showEnvVarsInLog = 0;
		};
/* End PBXShellScriptBuildPhase section */

/* Begin PBXSourcesBuildPhase section */
		09022ED21967E998009A8D7E /* Sources */ = {
			isa = PBXSourcesBuildPhase;
			buildActionMask = 2147483647;
			files = (
				09022F3C1967F1BE009A8D7E /* SearchCategoryViewController.m in Sources */,
				099FBA9F19680919002D3688 /* FPAFNetworking.m in Sources */,
				09022F381967F1BE009A8D7E /* AppDelegate.m in Sources */,
				09022F431967F1BE009A8D7E /* FullScreenViewController.m in Sources */,
				09022F441967F1BE009A8D7E /* AGQuadControlViewController.m in Sources */,
				09022F491967F1BE009A8D7E /* ImageData.m in Sources */,
				09022F551967F79A009A8D7E /* UIImageCategories.m in Sources */,
				09022F411967F1BE009A8D7E /* DetailViewController.m in Sources */,
				09022F4A1967F1BE009A8D7E /* ImagesDataSource.m in Sources */,
				09022F3F1967F1BE009A8D7E /* FirstViewController.m in Sources */,
				09022F421967F1BE009A8D7E /* MainTableViewCell.m in Sources */,
				09022F3E1967F1BE009A8D7E /* FloorPlayServices.m in Sources */,
				09022F521967F758009A8D7E /* UIViewControllerCategories.m in Sources */,
				09022F401967F1BE009A8D7E /* MasterViewController.m in Sources */,
				09022F4B1967F1BE009A8D7E /* ImagesDataParser.m in Sources */,
				09022F471967F1BE009A8D7E /* BackgroundImagesViewController.m in Sources */,
				09022F3D1967F1BE009A8D7E /* FBSplitViewController.m in Sources */,
				09022F481967F1BE009A8D7E /* CarpetImagesViewController.m in Sources */,
				09022F3B1967F1BE009A8D7E /* SelectedCategoryViewController.m in Sources */,
				09022EE61967E998009A8D7E /* main.m in Sources */,
				09022F461967F1BE009A8D7E /* UIImagePickerController+OrientationFix.m in Sources */,
				09022F511967F758009A8D7E /* StringCategories.m in Sources */,
				09022F451967F1BE009A8D7E /* UIViewController+OrientationFix.m in Sources */,
			);
			runOnlyForDeploymentPostprocessing = 0;
		};
		09022EF61967E999009A8D7E /* Sources */ = {
			isa = PBXSourcesBuildPhase;
			buildActionMask = 2147483647;
			files = (
				09022F081967E999009A8D7E /* FloorPlayTests.m in Sources */,
			);
			runOnlyForDeploymentPostprocessing = 0;
		};
/* End PBXSourcesBuildPhase section */

/* Begin PBXTargetDependency section */
		09022F001967E999009A8D7E /* PBXTargetDependency */ = {
			isa = PBXTargetDependency;
			target = 09022ED51967E998009A8D7E /* FloorPlay */;
			targetProxy = 09022EFF1967E999009A8D7E /* PBXContainerItemProxy */;
		};
/* End PBXTargetDependency section */

/* Begin PBXVariantGroup section */
		09022EE21967E998009A8D7E /* InfoPlist.strings */ = {
			isa = PBXVariantGroup;
			children = (
				09022EE31967E998009A8D7E /* en */,
			);
			name = InfoPlist.strings;
			sourceTree = "<group>";
		};
		09022F041967E999009A8D7E /* InfoPlist.strings */ = {
			isa = PBXVariantGroup;
			children = (
				09022F051967E999009A8D7E /* en */,
			);
			name = InfoPlist.strings;
			sourceTree = "<group>";
		};
/* End PBXVariantGroup section */

/* Begin XCBuildConfiguration section */
		09022F091967E999009A8D7E /* Debug */ = {
			isa = XCBuildConfiguration;
			buildSettings = {
				ALWAYS_SEARCH_USER_PATHS = NO;
				CLANG_CXX_LANGUAGE_STANDARD = "gnu++0x";
				CLANG_CXX_LIBRARY = "libc++";
				CLANG_ENABLE_MODULES = YES;
				CLANG_ENABLE_OBJC_ARC = YES;
				CLANG_WARN_BOOL_CONVERSION = YES;
				CLANG_WARN_CONSTANT_CONVERSION = YES;
				CLANG_WARN_DIRECT_OBJC_ISA_USAGE = YES_ERROR;
				CLANG_WARN_EMPTY_BODY = YES;
				CLANG_WARN_ENUM_CONVERSION = YES;
				CLANG_WARN_INT_CONVERSION = YES;
				CLANG_WARN_OBJC_ROOT_CLASS = YES_ERROR;
				CLANG_WARN__DUPLICATE_METHOD_MATCH = YES;
				"CODE_SIGN_IDENTITY[sdk=iphoneos*]" = "iPhone Developer";
				COPY_PHASE_STRIP = NO;
				GCC_C_LANGUAGE_STANDARD = gnu99;
				GCC_DYNAMIC_NO_PIC = NO;
				GCC_OPTIMIZATION_LEVEL = 0;
				GCC_PREPROCESSOR_DEFINITIONS = (
					"DEBUG=1",
					"$(inherited)",
				);
				GCC_SYMBOLS_PRIVATE_EXTERN = NO;
				GCC_WARN_64_TO_32_BIT_CONVERSION = YES;
				GCC_WARN_ABOUT_RETURN_TYPE = YES_ERROR;
				GCC_WARN_UNDECLARED_SELECTOR = YES;
				GCC_WARN_UNINITIALIZED_AUTOS = YES_AGGRESSIVE;
				GCC_WARN_UNUSED_FUNCTION = YES;
				GCC_WARN_UNUSED_VARIABLE = YES;
				IPHONEOS_DEPLOYMENT_TARGET = 7.1;
				ONLY_ACTIVE_ARCH = YES;
				SDKROOT = iphoneos;
				TARGETED_DEVICE_FAMILY = "1,2";
			};
			name = Debug;
		};
		09022F0A1967E999009A8D7E /* Release */ = {
			isa = XCBuildConfiguration;
			buildSettings = {
				ALWAYS_SEARCH_USER_PATHS = NO;
				CLANG_CXX_LANGUAGE_STANDARD = "gnu++0x";
				CLANG_CXX_LIBRARY = "libc++";
				CLANG_ENABLE_MODULES = YES;
				CLANG_ENABLE_OBJC_ARC = YES;
				CLANG_WARN_BOOL_CONVERSION = YES;
				CLANG_WARN_CONSTANT_CONVERSION = YES;
				CLANG_WARN_DIRECT_OBJC_ISA_USAGE = YES_ERROR;
				CLANG_WARN_EMPTY_BODY = YES;
				CLANG_WARN_ENUM_CONVERSION = YES;
				CLANG_WARN_INT_CONVERSION = YES;
				CLANG_WARN_OBJC_ROOT_CLASS = YES_ERROR;
				CLANG_WARN__DUPLICATE_METHOD_MATCH = YES;
				"CODE_SIGN_IDENTITY[sdk=iphoneos*]" = "iPhone Developer";
				COPY_PHASE_STRIP = YES;
				ENABLE_NS_ASSERTIONS = NO;
				GCC_C_LANGUAGE_STANDARD = gnu99;
				GCC_WARN_64_TO_32_BIT_CONVERSION = YES;
				GCC_WARN_ABOUT_RETURN_TYPE = YES_ERROR;
				GCC_WARN_UNDECLARED_SELECTOR = YES;
				GCC_WARN_UNINITIALIZED_AUTOS = YES_AGGRESSIVE;
				GCC_WARN_UNUSED_FUNCTION = YES;
				GCC_WARN_UNUSED_VARIABLE = YES;
				IPHONEOS_DEPLOYMENT_TARGET = 7.1;
				SDKROOT = iphoneos;
				TARGETED_DEVICE_FAMILY = "1,2";
				VALIDATE_PRODUCT = YES;
			};
			name = Release;
		};
		09022F0C1967E999009A8D7E /* Debug */ = {
			isa = XCBuildConfiguration;
			baseConfigurationReference = 89379E1B457C4CDA9A96745A /* Pods-FloorPlay.xcconfig */;
			buildSettings = {
				ASSETCATALOG_COMPILER_APPICON_NAME = AppIcon;
				ASSETCATALOG_COMPILER_LAUNCHIMAGE_NAME = LaunchImage;
				GCC_PRECOMPILE_PREFIX_HEADER = YES;
				GCC_PREFIX_HEADER = "FloorPlay/FloorPlay-Prefix.pch";
				INFOPLIST_FILE = "FloorPlay/FloorPlay-Info.plist";
				PRODUCT_NAME = "$(TARGET_NAME)";
				WRAPPER_EXTENSION = app;
			};
			name = Debug;
		};
		09022F0D1967E999009A8D7E /* Release */ = {
			isa = XCBuildConfiguration;
			baseConfigurationReference = 89379E1B457C4CDA9A96745A /* Pods-FloorPlay.xcconfig */;
			buildSettings = {
				ASSETCATALOG_COMPILER_APPICON_NAME = AppIcon;
				ASSETCATALOG_COMPILER_LAUNCHIMAGE_NAME = LaunchImage;
				GCC_PRECOMPILE_PREFIX_HEADER = YES;
				GCC_PREFIX_HEADER = "FloorPlay/FloorPlay-Prefix.pch";
				INFOPLIST_FILE = "FloorPlay/FloorPlay-Info.plist";
				PRODUCT_NAME = "$(TARGET_NAME)";
				WRAPPER_EXTENSION = app;
			};
			name = Release;
		};
		09022F0F1967E999009A8D7E /* Debug */ = {
			isa = XCBuildConfiguration;
			buildSettings = {
				BUNDLE_LOADER = "$(BUILT_PRODUCTS_DIR)/FloorPlay.app/FloorPlay";
				FRAMEWORK_SEARCH_PATHS = (
					"$(SDKROOT)/Developer/Library/Frameworks",
					"$(inherited)",
					"$(DEVELOPER_FRAMEWORKS_DIR)",
				);
				GCC_PRECOMPILE_PREFIX_HEADER = YES;
				GCC_PREFIX_HEADER = "FloorPlay/FloorPlay-Prefix.pch";
				GCC_PREPROCESSOR_DEFINITIONS = (
					"DEBUG=1",
					"$(inherited)",
				);
				INFOPLIST_FILE = "FloorPlayTests/FloorPlayTests-Info.plist";
				PRODUCT_NAME = "$(TARGET_NAME)";
				TEST_HOST = "$(BUNDLE_LOADER)";
				WRAPPER_EXTENSION = xctest;
			};
			name = Debug;
		};
		09022F101967E999009A8D7E /* Release */ = {
			isa = XCBuildConfiguration;
			buildSettings = {
				BUNDLE_LOADER = "$(BUILT_PRODUCTS_DIR)/FloorPlay.app/FloorPlay";
				FRAMEWORK_SEARCH_PATHS = (
					"$(SDKROOT)/Developer/Library/Frameworks",
					"$(inherited)",
					"$(DEVELOPER_FRAMEWORKS_DIR)",
				);
				GCC_PRECOMPILE_PREFIX_HEADER = YES;
				GCC_PREFIX_HEADER = "FloorPlay/FloorPlay-Prefix.pch";
				INFOPLIST_FILE = "FloorPlayTests/FloorPlayTests-Info.plist";
				PRODUCT_NAME = "$(TARGET_NAME)";
				TEST_HOST = "$(BUNDLE_LOADER)";
				WRAPPER_EXTENSION = xctest;
			};
			name = Release;
		};
/* End XCBuildConfiguration section */

/* Begin XCConfigurationList section */
		09022ED11967E998009A8D7E /* Build configuration list for PBXProject "FloorPlay" */ = {
			isa = XCConfigurationList;
			buildConfigurations = (
				09022F091967E999009A8D7E /* Debug */,
				09022F0A1967E999009A8D7E /* Release */,
			);
			defaultConfigurationIsVisible = 0;
			defaultConfigurationName = Release;
		};
		09022F0B1967E999009A8D7E /* Build configuration list for PBXNativeTarget "FloorPlay" */ = {
			isa = XCConfigurationList;
			buildConfigurations = (
				09022F0C1967E999009A8D7E /* Debug */,
				09022F0D1967E999009A8D7E /* Release */,
			);
			defaultConfigurationIsVisible = 0;
			defaultConfigurationName = Release;
		};
		09022F0E1967E999009A8D7E /* Build configuration list for PBXNativeTarget "FloorPlayTests" */ = {
			isa = XCConfigurationList;
			buildConfigurations = (
				09022F0F1967E999009A8D7E /* Debug */,
				09022F101967E999009A8D7E /* Release */,
			);
			defaultConfigurationIsVisible = 0;
			defaultConfigurationName = Release;
		};
/* End XCConfigurationList section */
	};
	rootObject = 09022ECE1967E998009A8D7E /* Project object */;
}
